<?xml version="1.0" encoding="utf-8"?>
<Project ToolsVersion="15.0" xmlns="http://schemas.microsoft.com/developer/msbuild/2003">
  <ItemGroup>
    <CustomBuild Include="D:\River\Downloads\assimp-4.1.0\x86\CMakeFiles\f6224ed23b68ca9c6d2646812857a302\INSTALL_force.rule">
      <Filter>CMake Rules</Filter>
    </CustomBuild>
  </ItemGroup>
  <ItemGroup>
    <Filter Include="CMake Rules">
      <UniqueIdentifier>{EBE7E1D0-BEB9-36F1-9BDC-0150BBD745A5}</UniqueIdentifier>
    </Filter>
  </ItemGroup>
</Project>
