Microsoft Visual Studio Solution File, Format Version 12.00
# Visual Studio 15
Project("{8BC9CEB8-8B4A-11D0-8D11-00A0C91BC942}") = "ALL_BUILD", "ALL_BUILD.vcxproj", "{0FAB3ABF-592D-38FA-906A-580F82A66424}"
	ProjectSection(ProjectDependencies) = postProject
		{02FEF362-CB45-3268-8E8A-41AAFF603924} = {02FEF362-CB45-3268-8E8A-41AAFF603924}
		{33291BAB-5DCC-3BC2-90D8-882B3A2A47EA} = {33291BAB-5DCC-3BC2-90D8-882B3A2A47EA}
		{C5CBA54F-4073-3373-A330-13DB9A7EF987} = {C5CBA54F-4073-3373-A330-13DB9A7EF987}
		{0FC3CF88-846E-30F3-A1EB-30644F2B9657} = {0FC3CF88-846E-30F3-A1EB-30644F2B9657}
		{463D8EC8-E76A-3F10-AF83-A9CE6FEB7711} = {463D8EC8-E76A-3F10-AF83-A9CE6FEB7711}
		{30AD523E-A3E6-3732-B1FF-2617213C74B0} = {30AD523E-A3E6-3732-B1FF-2617213C74B0}
		{D888A851-44CF-346F-831C-66700BD35F77} = {D888A851-44CF-346F-831C-66700BD35F77}
	EndProjectSection
EndProject
Project("{8BC9CEB8-8B4A-11D0-8D11-00A0C91BC942}") = "Continuous", "test\Continuous.vcxproj", "{330A5F13-2BC4-3918-A5C0-B83A9521CA02}"
	ProjectSection(ProjectDependencies) = postProject
		{33291BAB-5DCC-3BC2-90D8-882B3A2A47EA} = {33291BAB-5DCC-3BC2-90D8-882B3A2A47EA}
	EndProjectSection
EndProject
Project("{8BC9CEB8-8B4A-11D0-8D11-00A0C91BC942}") = "Experimental", "test\Experimental.vcxproj", "{2C3E5D0D-0FB2-3C28-BED3-BE1D79124104}"
	ProjectSection(ProjectDependencies) = postProject
		{33291BAB-5DCC-3BC2-90D8-882B3A2A47EA} = {33291BAB-5DCC-3BC2-90D8-882B3A2A47EA}
	EndProjectSection
EndProject
Project("{8BC9CEB8-8B4A-11D0-8D11-00A0C91BC942}") = "INSTALL", "INSTALL.vcxproj", "{64447C24-4B8C-3C9C-8142-BA8FBEE2B06D}"
	ProjectSection(ProjectDependencies) = postProject
		{0FAB3ABF-592D-38FA-906A-580F82A66424} = {0FAB3ABF-592D-38FA-906A-580F82A66424}
		{33291BAB-5DCC-3BC2-90D8-882B3A2A47EA} = {33291BAB-5DCC-3BC2-90D8-882B3A2A47EA}
	EndProjectSection
EndProject
Project("{8BC9CEB8-8B4A-11D0-8D11-00A0C91BC942}") = "IrrXML", "contrib\irrXML\IrrXML.vcxproj", "{02FEF362-CB45-3268-8E8A-41AAFF603924}"
	ProjectSection(ProjectDependencies) = postProject
		{33291BAB-5DCC-3BC2-90D8-882B3A2A47EA} = {33291BAB-5DCC-3BC2-90D8-882B3A2A47EA}
	EndProjectSection
EndProject
Project("{8BC9CEB8-8B4A-11D0-8D11-00A0C91BC942}") = "Nightly", "test\Nightly.vcxproj", "{91769930-85B6-336A-8E3B-E9F9E211153A}"
	ProjectSection(ProjectDependencies) = postProject
		{33291BAB-5DCC-3BC2-90D8-882B3A2A47EA} = {33291BAB-5DCC-3BC2-90D8-882B3A2A47EA}
	EndProjectSection
EndProject
Project("{8BC9CEB8-8B4A-11D0-8D11-00A0C91BC942}") = "NightlyMemoryCheck", "test\NightlyMemoryCheck.vcxproj", "{78FEDCA6-EBF4-3184-9C00-D83DF02C3EC7}"
	ProjectSection(ProjectDependencies) = postProject
		{33291BAB-5DCC-3BC2-90D8-882B3A2A47EA} = {33291BAB-5DCC-3BC2-90D8-882B3A2A47EA}
	EndProjectSection
EndProject
Project("{8BC9CEB8-8B4A-11D0-8D11-00A0C91BC942}") = "UpdateAssimpLibsDebugSymbolsAndDLLs", "UpdateAssimpLibsDebugSymbolsAndDLLs.vcxproj", "{9CAE65A1-4618-3138-B27C-4A6449E6BBA9}"
	ProjectSection(ProjectDependencies) = postProject
		{33291BAB-5DCC-3BC2-90D8-882B3A2A47EA} = {33291BAB-5DCC-3BC2-90D8-882B3A2A47EA}
	EndProjectSection
EndProject
Project("{8BC9CEB8-8B4A-11D0-8D11-00A0C91BC942}") = "ZERO_CHECK", "ZERO_CHECK.vcxproj", "{33291BAB-5DCC-3BC2-90D8-882B3A2A47EA}"
	ProjectSection(ProjectDependencies) = postProject
	EndProjectSection
EndProject
Project("{8BC9CEB8-8B4A-11D0-8D11-00A0C91BC942}") = "assimp", "code\assimp.vcxproj", "{C5CBA54F-4073-3373-A330-13DB9A7EF987}"
	ProjectSection(ProjectDependencies) = postProject
		{02FEF362-CB45-3268-8E8A-41AAFF603924} = {02FEF362-CB45-3268-8E8A-41AAFF603924}
		{33291BAB-5DCC-3BC2-90D8-882B3A2A47EA} = {33291BAB-5DCC-3BC2-90D8-882B3A2A47EA}
		{D888A851-44CF-346F-831C-66700BD35F77} = {D888A851-44CF-346F-831C-66700BD35F77}
	EndProjectSection
EndProject
Project("{8BC9CEB8-8B4A-11D0-8D11-00A0C91BC942}") = "assimp_cmd", "tools\assimp_cmd\assimp_cmd.vcxproj", "{0FC3CF88-846E-30F3-A1EB-30644F2B9657}"
	ProjectSection(ProjectDependencies) = postProject
		{02FEF362-CB45-3268-8E8A-41AAFF603924} = {02FEF362-CB45-3268-8E8A-41AAFF603924}
		{33291BAB-5DCC-3BC2-90D8-882B3A2A47EA} = {33291BAB-5DCC-3BC2-90D8-882B3A2A47EA}
		{C5CBA54F-4073-3373-A330-13DB9A7EF987} = {C5CBA54F-4073-3373-A330-13DB9A7EF987}
		{D888A851-44CF-346F-831C-66700BD35F77} = {D888A851-44CF-346F-831C-66700BD35F77}
	EndProjectSection
EndProject
Project("{8BC9CEB8-8B4A-11D0-8D11-00A0C91BC942}") = "uninstall", "uninstall.vcxproj", "{44A93C9B-D88E-3A08-AE57-90DA8F12D6D0}"
	ProjectSection(ProjectDependencies) = postProject
		{33291BAB-5DCC-3BC2-90D8-882B3A2A47EA} = {33291BAB-5DCC-3BC2-90D8-882B3A2A47EA}
	EndProjectSection
EndProject
Project("{8BC9CEB8-8B4A-11D0-8D11-00A0C91BC942}") = "unit", "test\unit.vcxproj", "{463D8EC8-E76A-3F10-AF83-A9CE6FEB7711}"
	ProjectSection(ProjectDependencies) = postProject
		{02FEF362-CB45-3268-8E8A-41AAFF603924} = {02FEF362-CB45-3268-8E8A-41AAFF603924}
		{33291BAB-5DCC-3BC2-90D8-882B3A2A47EA} = {33291BAB-5DCC-3BC2-90D8-882B3A2A47EA}
		{C5CBA54F-4073-3373-A330-13DB9A7EF987} = {C5CBA54F-4073-3373-A330-13DB9A7EF987}
		{D888A851-44CF-346F-831C-66700BD35F77} = {D888A851-44CF-346F-831C-66700BD35F77}
	EndProjectSection
EndProject
Project("{8BC9CEB8-8B4A-11D0-8D11-00A0C91BC942}") = "zlib", "contrib\zlib\zlib.vcxproj", "{30AD523E-A3E6-3732-B1FF-2617213C74B0}"
	ProjectSection(ProjectDependencies) = postProject
		{33291BAB-5DCC-3BC2-90D8-882B3A2A47EA} = {33291BAB-5DCC-3BC2-90D8-882B3A2A47EA}
	EndProjectSection
EndProject
Project("{8BC9CEB8-8B4A-11D0-8D11-00A0C91BC942}") = "zlibstatic", "contrib\zlib\zlibstatic.vcxproj", "{D888A851-44CF-346F-831C-66700BD35F77}"
	ProjectSection(ProjectDependencies) = postProject
		{33291BAB-5DCC-3BC2-90D8-882B3A2A47EA} = {33291BAB-5DCC-3BC2-90D8-882B3A2A47EA}
	EndProjectSection
EndProject
Global
	GlobalSection(SolutionConfigurationPlatforms) = preSolution
		Debug|Win32 = Debug|Win32
		Release|Win32 = Release|Win32
		MinSizeRel|Win32 = MinSizeRel|Win32
		RelWithDebInfo|Win32 = RelWithDebInfo|Win32
	EndGlobalSection
	GlobalSection(ProjectConfigurationPlatforms) = postSolution
		{0FAB3ABF-592D-38FA-906A-580F82A66424}.Debug|Win32.ActiveCfg = Debug|Win32
		{0FAB3ABF-592D-38FA-906A-580F82A66424}.Debug|Win32.Build.0 = Debug|Win32
		{0FAB3ABF-592D-38FA-906A-580F82A66424}.Release|Win32.ActiveCfg = Release|Win32
		{0FAB3ABF-592D-38FA-906A-580F82A66424}.Release|Win32.Build.0 = Release|Win32
		{0FAB3ABF-592D-38FA-906A-580F82A66424}.MinSizeRel|Win32.ActiveCfg = MinSizeRel|Win32
		{0FAB3ABF-592D-38FA-906A-580F82A66424}.MinSizeRel|Win32.Build.0 = MinSizeRel|Win32
		{0FAB3ABF-592D-38FA-906A-580F82A66424}.RelWithDebInfo|Win32.ActiveCfg = RelWithDebInfo|Win32
		{0FAB3ABF-592D-38FA-906A-580F82A66424}.RelWithDebInfo|Win32.Build.0 = RelWithDebInfo|Win32
		{330A5F13-2BC4-3918-A5C0-B83A9521CA02}.Debug|Win32.ActiveCfg = Debug|Win32
		{330A5F13-2BC4-3918-A5C0-B83A9521CA02}.Release|Win32.ActiveCfg = Release|Win32
		{330A5F13-2BC4-3918-A5C0-B83A9521CA02}.MinSizeRel|Win32.ActiveCfg = MinSizeRel|Win32
		{330A5F13-2BC4-3918-A5C0-B83A9521CA02}.RelWithDebInfo|Win32.ActiveCfg = RelWithDebInfo|Win32
		{2C3E5D0D-0FB2-3C28-BED3-BE1D79124104}.Debug|Win32.ActiveCfg = Debug|Win32
		{2C3E5D0D-0FB2-3C28-BED3-BE1D79124104}.Release|Win32.ActiveCfg = Release|Win32
		{2C3E5D0D-0FB2-3C28-BED3-BE1D79124104}.MinSizeRel|Win32.ActiveCfg = MinSizeRel|Win32
		{2C3E5D0D-0FB2-3C28-BED3-BE1D79124104}.RelWithDebInfo|Win32.ActiveCfg = RelWithDebInfo|Win32
		{64447C24-4B8C-3C9C-8142-BA8FBEE2B06D}.Debug|Win32.ActiveCfg = Debug|Win32
		{64447C24-4B8C-3C9C-8142-BA8FBEE2B06D}.Release|Win32.ActiveCfg = Release|Win32
		{64447C24-4B8C-3C9C-8142-BA8FBEE2B06D}.MinSizeRel|Win32.ActiveCfg = MinSizeRel|Win32
		{64447C24-4B8C-3C9C-8142-BA8FBEE2B06D}.RelWithDebInfo|Win32.ActiveCfg = RelWithDebInfo|Win32
		{02FEF362-CB45-3268-8E8A-41AAFF603924}.Debug|Win32.ActiveCfg = Debug|Win32
		{02FEF362-CB45-3268-8E8A-41AAFF603924}.Debug|Win32.Build.0 = Debug|Win32
		{02FEF362-CB45-3268-8E8A-41AAFF603924}.Release|Win32.ActiveCfg = Release|Win32
		{02FEF362-CB45-3268-8E8A-41AAFF603924}.Release|Win32.Build.0 = Release|Win32
		{02FEF362-CB45-3268-8E8A-41AAFF603924}.MinSizeRel|Win32.ActiveCfg = MinSizeRel|Win32
		{02FEF362-CB45-3268-8E8A-41AAFF603924}.MinSizeRel|Win32.Build.0 = MinSizeRel|Win32
		{02FEF362-CB45-3268-8E8A-41AAFF603924}.RelWithDebInfo|Win32.ActiveCfg = RelWithDebInfo|Win32
		{02FEF362-CB45-3268-8E8A-41AAFF603924}.RelWithDebInfo|Win32.Build.0 = RelWithDebInfo|Win32
		{91769930-85B6-336A-8E3B-E9F9E211153A}.Debug|Win32.ActiveCfg = Debug|Win32
		{91769930-85B6-336A-8E3B-E9F9E211153A}.Release|Win32.ActiveCfg = Release|Win32
		{91769930-85B6-336A-8E3B-E9F9E211153A}.MinSizeRel|Win32.ActiveCfg = MinSizeRel|Win32
		{91769930-85B6-336A-8E3B-E9F9E211153A}.RelWithDebInfo|Win32.ActiveCfg = RelWithDebInfo|Win32
		{78FEDCA6-EBF4-3184-9C00-D83DF02C3EC7}.Debug|Win32.ActiveCfg = Debug|Win32
		{78FEDCA6-EBF4-3184-9C00-D83DF02C3EC7}.Release|Win32.ActiveCfg = Release|Win32
		{78FEDCA6-EBF4-3184-9C00-D83DF02C3EC7}.MinSizeRel|Win32.ActiveCfg = MinSizeRel|Win32
		{78FEDCA6-EBF4-3184-9C00-D83DF02C3EC7}.RelWithDebInfo|Win32.ActiveCfg = RelWithDebInfo|Win32
		{9CAE65A1-4618-3138-B27C-4A6449E6BBA9}.Debug|Win32.ActiveCfg = Debug|Win32
		{9CAE65A1-4618-3138-B27C-4A6449E6BBA9}.Release|Win32.ActiveCfg = Release|Win32
		{9CAE65A1-4618-3138-B27C-4A6449E6BBA9}.MinSizeRel|Win32.ActiveCfg = MinSizeRel|Win32
		{9CAE65A1-4618-3138-B27C-4A6449E6BBA9}.RelWithDebInfo|Win32.ActiveCfg = RelWithDebInfo|Win32
		{33291BAB-5DCC-3BC2-90D8-882B3A2A47EA}.Debug|Win32.ActiveCfg = Debug|Win32
		{33291BAB-5DCC-3BC2-90D8-882B3A2A47EA}.Debug|Win32.Build.0 = Debug|Win32
		{33291BAB-5DCC-3BC2-90D8-882B3A2A47EA}.Release|Win32.ActiveCfg = Release|Win32
		{33291BAB-5DCC-3BC2-90D8-882B3A2A47EA}.Release|Win32.Build.0 = Release|Win32
		{33291BAB-5DCC-3BC2-90D8-882B3A2A47EA}.MinSizeRel|Win32.ActiveCfg = MinSizeRel|Win32
		{33291BAB-5DCC-3BC2-90D8-882B3A2A47EA}.MinSizeRel|Win32.Build.0 = MinSizeRel|Win32
		{33291BAB-5DCC-3BC2-90D8-882B3A2A47EA}.RelWithDebInfo|Win32.ActiveCfg = RelWithDebInfo|Win32
		{33291BAB-5DCC-3BC2-90D8-882B3A2A47EA}.RelWithDebInfo|Win32.Build.0 = RelWithDebInfo|Win32
		{C5CBA54F-4073-3373-A330-13DB9A7EF987}.Debug|Win32.ActiveCfg = Debug|Win32
		{C5CBA54F-4073-3373-A330-13DB9A7EF987}.Debug|Win32.Build.0 = Debug|Win32
		{C5CBA54F-4073-3373-A330-13DB9A7EF987}.Release|Win32.ActiveCfg = Release|Win32
		{C5CBA54F-4073-3373-A330-13DB9A7EF987}.Release|Win32.Build.0 = Release|Win32
		{C5CBA54F-4073-3373-A330-13DB9A7EF987}.MinSizeRel|Win32.ActiveCfg = MinSizeRel|Win32
		{C5CBA54F-4073-3373-A330-13DB9A7EF987}.MinSizeRel|Win32.Build.0 = MinSizeRel|Win32
		{C5CBA54F-4073-3373-A330-13DB9A7EF987}.RelWithDebInfo|Win32.ActiveCfg = RelWithDebInfo|Win32
		{C5CBA54F-4073-3373-A330-13DB9A7EF987}.RelWithDebInfo|Win32.Build.0 = RelWithDebInfo|Win32
		{0FC3CF88-846E-30F3-A1EB-30644F2B9657}.Debug|Win32.ActiveCfg = Debug|Win32
		{0FC3CF88-846E-30F3-A1EB-30644F2B9657}.Debug|Win32.Build.0 = Debug|Win32
		{0FC3CF88-846E-30F3-A1EB-30644F2B9657}.Release|Win32.ActiveCfg = Release|Win32
		{0FC3CF88-846E-30F3-A1EB-30644F2B9657}.Release|Win32.Build.0 = Release|Win32
		{0FC3CF88-846E-30F3-A1EB-30644F2B9657}.MinSizeRel|Win32.ActiveCfg = MinSizeRel|Win32
		{0FC3CF88-846E-30F3-A1EB-30644F2B9657}.MinSizeRel|Win32.Build.0 = MinSizeRel|Win32
		{0FC3CF88-846E-30F3-A1EB-30644F2B9657}.RelWithDebInfo|Win32.ActiveCfg = RelWithDebInfo|Win32
		{0FC3CF88-846E-30F3-A1EB-30644F2B9657}.RelWithDebInfo|Win32.Build.0 = RelWithDebInfo|Win32
		{44A93C9B-D88E-3A08-AE57-90DA8F12D6D0}.Debug|Win32.ActiveCfg = Debug|Win32
		{44A93C9B-D88E-3A08-AE57-90DA8F12D6D0}.Release|Win32.ActiveCfg = Release|Win32
		{44A93C9B-D88E-3A08-AE57-90DA8F12D6D0}.MinSizeRel|Win32.ActiveCfg = MinSizeRel|Win32
		{44A93C9B-D88E-3A08-AE57-90DA8F12D6D0}.RelWithDebInfo|Win32.ActiveCfg = RelWithDebInfo|Win32
		{463D8EC8-E76A-3F10-AF83-A9CE6FEB7711}.Debug|Win32.ActiveCfg = Debug|Win32
		{463D8EC8-E76A-3F10-AF83-A9CE6FEB7711}.Debug|Win32.Build.0 = Debug|Win32
		{463D8EC8-E76A-3F10-AF83-A9CE6FEB7711}.Release|Win32.ActiveCfg = Release|Win32
		{463D8EC8-E76A-3F10-AF83-A9CE6FEB7711}.Release|Win32.Build.0 = Release|Win32
		{463D8EC8-E76A-3F10-AF83-A9CE6FEB7711}.MinSizeRel|Win32.ActiveCfg = MinSizeRel|Win32
		{463D8EC8-E76A-3F10-AF83-A9CE6FEB7711}.MinSizeRel|Win32.Build.0 = MinSizeRel|Win32
		{463D8EC8-E76A-3F10-AF83-A9CE6FEB7711}.RelWithDebInfo|Win32.ActiveCfg = RelWithDebInfo|Win32
		{463D8EC8-E76A-3F10-AF83-A9CE6FEB7711}.RelWithDebInfo|Win32.Build.0 = RelWithDebInfo|Win32
		{30AD523E-A3E6-3732-B1FF-2617213C74B0}.Debug|Win32.ActiveCfg = Debug|Win32
		{30AD523E-A3E6-3732-B1FF-2617213C74B0}.Debug|Win32.Build.0 = Debug|Win32
		{30AD523E-A3E6-3732-B1FF-2617213C74B0}.Release|Win32.ActiveCfg = Release|Win32
		{30AD523E-A3E6-3732-B1FF-2617213C74B0}.Release|Win32.Build.0 = Release|Win32
		{30AD523E-A3E6-3732-B1FF-2617213C74B0}.MinSizeRel|Win32.ActiveCfg = MinSizeRel|Win32
		{30AD523E-A3E6-3732-B1FF-2617213C74B0}.MinSizeRel|Win32.Build.0 = MinSizeRel|Win32
		{30AD523E-A3E6-3732-B1FF-2617213C74B0}.RelWithDebInfo|Win32.ActiveCfg = RelWithDebInfo|Win32
		{30AD523E-A3E6-3732-B1FF-2617213C74B0}.RelWithDebInfo|Win32.Build.0 = RelWithDebInfo|Win32
		{D888A851-44CF-346F-831C-66700BD35F77}.Debug|Win32.ActiveCfg = Debug|Win32
		{D888A851-44CF-346F-831C-66700BD35F77}.Debug|Win32.Build.0 = Debug|Win32
		{D888A851-44CF-346F-831C-66700BD35F77}.Release|Win32.ActiveCfg = Release|Win32
		{D888A851-44CF-346F-831C-66700BD35F77}.Release|Win32.Build.0 = Release|Win32
		{D888A851-44CF-346F-831C-66700BD35F77}.MinSizeRel|Win32.ActiveCfg = MinSizeRel|Win32
		{D888A851-44CF-346F-831C-66700BD35F77}.MinSizeRel|Win32.Build.0 = MinSizeRel|Win32
		{D888A851-44CF-346F-831C-66700BD35F77}.RelWithDebInfo|Win32.ActiveCfg = RelWithDebInfo|Win32
		{D888A851-44CF-346F-831C-66700BD35F77}.RelWithDebInfo|Win32.Build.0 = RelWithDebInfo|Win32
	EndGlobalSection
	GlobalSection(ExtensibilityGlobals) = postSolution
		SolutionGuid = {CDFFA794-B048-3BAD-89C3-0B3E6E27E87C}
	EndGlobalSection
	GlobalSection(ExtensibilityAddIns) = postSolution
	EndGlobalSection
EndGlobal
