<?xml version="1.0" encoding="utf-8"?>
<Project ToolsVersion="15.0" xmlns="http://schemas.microsoft.com/developer/msbuild/2003">
  <ItemGroup>
    <ClCompile Include="D:\River\Downloads\assimp-4.1.0\assimp-4.1.0\tools\assimp_cmd\CompareDump.cpp">
      <Filter>Source Files</Filter>
    </ClCompile>
    <ClCompile Include="D:\River\Downloads\assimp-4.1.0\assimp-4.1.0\tools\assimp_cmd\ImageExtractor.cpp">
      <Filter>Source Files</Filter>
    </ClCompile>
    <ClCompile Include="D:\River\Downloads\assimp-4.1.0\assimp-4.1.0\tools\assimp_cmd\Main.cpp">
      <Filter>Source Files</Filter>
    </ClCompile>
    <ClCompile Include="D:\River\Downloads\assimp-4.1.0\assimp-4.1.0\tools\assimp_cmd\WriteDumb.cpp">
      <Filter>Source Files</Filter>
    </ClCompile>
    <ClCompile Include="D:\River\Downloads\assimp-4.1.0\assimp-4.1.0\tools\assimp_cmd\Info.cpp">
      <Filter>Source Files</Filter>
    </ClCompile>
    <ClCompile Include="D:\River\Downloads\assimp-4.1.0\assimp-4.1.0\tools\assimp_cmd\Export.cpp">
      <Filter>Source Files</Filter>
    </ClCompile>
  </ItemGroup>
  <ItemGroup>
    <ClInclude Include="D:\River\Downloads\assimp-4.1.0\assimp-4.1.0\tools\assimp_cmd\Main.h">
      <Filter>Header Files</Filter>
    </ClInclude>
    <ClInclude Include="D:\River\Downloads\assimp-4.1.0\assimp-4.1.0\tools\assimp_cmd\resource.h">
      <Filter>Header Files</Filter>
    </ClInclude>
  </ItemGroup>
  <ItemGroup>
    <CustomBuild Include="D:\River\Downloads\assimp-4.1.0\assimp-4.1.0\tools\assimp_cmd\CMakeLists.txt" />
  </ItemGroup>
  <ItemGroup>
    <ResourceCompile Include="D:\River\Downloads\assimp-4.1.0\assimp-4.1.0\tools\assimp_cmd\assimp_cmd.rc">
      <Filter>Source Files</Filter>
    </ResourceCompile>
  </ItemGroup>
  <ItemGroup>
    <Filter Include="Header Files">
      <UniqueIdentifier>{F9758F43-539F-3FA0-9A12-B86E31922B01}</UniqueIdentifier>
    </Filter>
    <Filter Include="Source Files">
      <UniqueIdentifier>{7970DB94-F31B-38E1-A8B5-EE3F98D6F7E4}</UniqueIdentifier>
    </Filter>
  </ItemGroup>
</Project>
