<?xml version="1.0" encoding="utf-8"?>
<Project ToolsVersion="15.0" xmlns="http://schemas.microsoft.com/developer/msbuild/2003">
  <ItemGroup>
    <CustomBuild Include="D:\River\Downloads\assimp-4.1.0\x86\CMakeFiles\d94f5a036bc3f88f813da7efefba97bf\Continuous.rule">
      <Filter>CMake Rules</Filter>
    </CustomBuild>
    <CustomBuild Include="D:\River\Downloads\assimp-4.1.0\assimp-4.1.0\test\CMakeLists.txt" />
  </ItemGroup>
  <ItemGroup>
    <None Include="D:\River\Downloads\assimp-4.1.0\x86\test\CMakeFiles\Continuous" />
  </ItemGroup>
  <ItemGroup>
    <Filter Include="CMake Rules">
      <UniqueIdentifier>{EBE7E1D0-BEB9-36F1-9BDC-0150BBD745A5}</UniqueIdentifier>
    </Filter>
  </ItemGroup>
</Project>
