<?xml version="1.0" encoding="utf-8"?>
<Project ToolsVersion="15.0" xmlns="http://schemas.microsoft.com/developer/msbuild/2003">
  <ItemGroup>
    <ClCompile Include="D:\River\Downloads\assimp-4.1.0\assimp-4.1.0\code\Assimp.cpp">
      <Filter>Source Files</Filter>
    </ClCompile>
    <ClCompile Include="D:\River\Downloads\assimp-4.1.0\assimp-4.1.0\code\BaseImporter.cpp">
      <Filter>Common</Filter>
    </ClCompile>
    <ClCompile Include="D:\River\Downloads\assimp-4.1.0\assimp-4.1.0\code\BaseProcess.cpp">
      <Filter>Common</Filter>
    </ClCompile>
    <ClCompile Include="D:\River\Downloads\assimp-4.1.0\assimp-4.1.0\code\PostStepRegistry.cpp">
      <Filter>Common</Filter>
    </ClCompile>
    <ClCompile Include="D:\River\Downloads\assimp-4.1.0\assimp-4.1.0\code\ImporterRegistry.cpp">
      <Filter>Common</Filter>
    </ClCompile>
    <ClCompile Include="D:\River\Downloads\assimp-4.1.0\assimp-4.1.0\code\DefaultIOStream.cpp">
      <Filter>Common</Filter>
    </ClCompile>
    <ClCompile Include="D:\River\Downloads\assimp-4.1.0\assimp-4.1.0\code\DefaultIOSystem.cpp">
      <Filter>Common</Filter>
    </ClCompile>
    <ClCompile Include="D:\River\Downloads\assimp-4.1.0\assimp-4.1.0\code\CInterfaceIOWrapper.cpp">
      <Filter>Common</Filter>
    </ClCompile>
    <ClCompile Include="D:\River\Downloads\assimp-4.1.0\assimp-4.1.0\code\Importer.cpp">
      <Filter>Common</Filter>
    </ClCompile>
    <ClCompile Include="D:\River\Downloads\assimp-4.1.0\assimp-4.1.0\code\SGSpatialSort.cpp">
      <Filter>Common</Filter>
    </ClCompile>
    <ClCompile Include="D:\River\Downloads\assimp-4.1.0\assimp-4.1.0\code\VertexTriangleAdjacency.cpp">
      <Filter>Common</Filter>
    </ClCompile>
    <ClCompile Include="D:\River\Downloads\assimp-4.1.0\assimp-4.1.0\code\SpatialSort.cpp">
      <Filter>Common</Filter>
    </ClCompile>
    <ClCompile Include="D:\River\Downloads\assimp-4.1.0\assimp-4.1.0\code\SceneCombiner.cpp">
      <Filter>Common</Filter>
    </ClCompile>
    <ClCompile Include="D:\River\Downloads\assimp-4.1.0\assimp-4.1.0\code\ScenePreprocessor.cpp">
      <Filter>Common</Filter>
    </ClCompile>
    <ClCompile Include="D:\River\Downloads\assimp-4.1.0\assimp-4.1.0\code\SkeletonMeshBuilder.cpp">
      <Filter>Common</Filter>
    </ClCompile>
    <ClCompile Include="D:\River\Downloads\assimp-4.1.0\assimp-4.1.0\code\SplitByBoneCountProcess.cpp">
      <Filter>Common</Filter>
    </ClCompile>
    <ClCompile Include="D:\River\Downloads\assimp-4.1.0\assimp-4.1.0\code\ScaleProcess.cpp">
      <Filter>Common</Filter>
    </ClCompile>
    <ClCompile Include="D:\River\Downloads\assimp-4.1.0\assimp-4.1.0\code\StandardShapes.cpp">
      <Filter>Common</Filter>
    </ClCompile>
    <ClCompile Include="D:\River\Downloads\assimp-4.1.0\assimp-4.1.0\code\TargetAnimation.cpp">
      <Filter>Common</Filter>
    </ClCompile>
    <ClCompile Include="D:\River\Downloads\assimp-4.1.0\assimp-4.1.0\code\RemoveComments.cpp">
      <Filter>Common</Filter>
    </ClCompile>
    <ClCompile Include="D:\River\Downloads\assimp-4.1.0\assimp-4.1.0\code\Subdivision.cpp">
      <Filter>Common</Filter>
    </ClCompile>
    <ClCompile Include="D:\River\Downloads\assimp-4.1.0\assimp-4.1.0\code\scene.cpp">
      <Filter>Common</Filter>
    </ClCompile>
    <ClCompile Include="D:\River\Downloads\assimp-4.1.0\assimp-4.1.0\code\Bitmap.cpp">
      <Filter>Common</Filter>
    </ClCompile>
    <ClCompile Include="D:\River\Downloads\assimp-4.1.0\assimp-4.1.0\code\Version.cpp">
      <Filter>Common</Filter>
    </ClCompile>
    <ClCompile Include="D:\River\Downloads\assimp-4.1.0\assimp-4.1.0\code\CreateAnimMesh.cpp">
      <Filter>Common</Filter>
    </ClCompile>
    <ClCompile Include="D:\River\Downloads\assimp-4.1.0\assimp-4.1.0\code\DefaultLogger.cpp">
      <Filter>Logging</Filter>
    </ClCompile>
    <ClCompile Include="D:\River\Downloads\assimp-4.1.0\assimp-4.1.0\code\Exporter.cpp">
      <Filter>Exporter</Filter>
    </ClCompile>
    <ClCompile Include="D:\River\Downloads\assimp-4.1.0\assimp-4.1.0\code\AssimpCExport.cpp">
      <Filter>Exporter</Filter>
    </ClCompile>
    <ClCompile Include="D:\River\Downloads\assimp-4.1.0\assimp-4.1.0\code\CalcTangentsProcess.cpp">
      <Filter>PostProcessing</Filter>
    </ClCompile>
    <ClCompile Include="D:\River\Downloads\assimp-4.1.0\assimp-4.1.0\code\ComputeUVMappingProcess.cpp">
      <Filter>PostProcessing</Filter>
    </ClCompile>
    <ClCompile Include="D:\River\Downloads\assimp-4.1.0\assimp-4.1.0\code\ConvertToLHProcess.cpp">
      <Filter>PostProcessing</Filter>
    </ClCompile>
    <ClCompile Include="D:\River\Downloads\assimp-4.1.0\assimp-4.1.0\code\FindDegenerates.cpp">
      <Filter>PostProcessing</Filter>
    </ClCompile>
    <ClCompile Include="D:\River\Downloads\assimp-4.1.0\assimp-4.1.0\code\FindInstancesProcess.cpp">
      <Filter>PostProcessing</Filter>
    </ClCompile>
    <ClCompile Include="D:\River\Downloads\assimp-4.1.0\assimp-4.1.0\code\FindInvalidDataProcess.cpp">
      <Filter>PostProcessing</Filter>
    </ClCompile>
    <ClCompile Include="D:\River\Downloads\assimp-4.1.0\assimp-4.1.0\code\FixNormalsStep.cpp">
      <Filter>PostProcessing</Filter>
    </ClCompile>
    <ClCompile Include="D:\River\Downloads\assimp-4.1.0\assimp-4.1.0\code\GenFaceNormalsProcess.cpp">
      <Filter>PostProcessing</Filter>
    </ClCompile>
    <ClCompile Include="D:\River\Downloads\assimp-4.1.0\assimp-4.1.0\code\GenVertexNormalsProcess.cpp">
      <Filter>PostProcessing</Filter>
    </ClCompile>
    <ClCompile Include="D:\River\Downloads\assimp-4.1.0\assimp-4.1.0\code\PretransformVertices.cpp">
      <Filter>PostProcessing</Filter>
    </ClCompile>
    <ClCompile Include="D:\River\Downloads\assimp-4.1.0\assimp-4.1.0\code\ImproveCacheLocality.cpp">
      <Filter>PostProcessing</Filter>
    </ClCompile>
    <ClCompile Include="D:\River\Downloads\assimp-4.1.0\assimp-4.1.0\code\JoinVerticesProcess.cpp">
      <Filter>PostProcessing</Filter>
    </ClCompile>
    <ClCompile Include="D:\River\Downloads\assimp-4.1.0\assimp-4.1.0\code\LimitBoneWeightsProcess.cpp">
      <Filter>PostProcessing</Filter>
    </ClCompile>
    <ClCompile Include="D:\River\Downloads\assimp-4.1.0\assimp-4.1.0\code\RemoveRedundantMaterials.cpp">
      <Filter>PostProcessing</Filter>
    </ClCompile>
    <ClCompile Include="D:\River\Downloads\assimp-4.1.0\assimp-4.1.0\code\RemoveVCProcess.cpp">
      <Filter>PostProcessing</Filter>
    </ClCompile>
    <ClCompile Include="D:\River\Downloads\assimp-4.1.0\assimp-4.1.0\code\SortByPTypeProcess.cpp">
      <Filter>PostProcessing</Filter>
    </ClCompile>
    <ClCompile Include="D:\River\Downloads\assimp-4.1.0\assimp-4.1.0\code\SplitLargeMeshes.cpp">
      <Filter>PostProcessing</Filter>
    </ClCompile>
    <ClCompile Include="D:\River\Downloads\assimp-4.1.0\assimp-4.1.0\code\TextureTransform.cpp">
      <Filter>PostProcessing</Filter>
    </ClCompile>
    <ClCompile Include="D:\River\Downloads\assimp-4.1.0\assimp-4.1.0\code\TriangulateProcess.cpp">
      <Filter>PostProcessing</Filter>
    </ClCompile>
    <ClCompile Include="D:\River\Downloads\assimp-4.1.0\assimp-4.1.0\code\ValidateDataStructure.cpp">
      <Filter>PostProcessing</Filter>
    </ClCompile>
    <ClCompile Include="D:\River\Downloads\assimp-4.1.0\assimp-4.1.0\code\OptimizeGraph.cpp">
      <Filter>PostProcessing</Filter>
    </ClCompile>
    <ClCompile Include="D:\River\Downloads\assimp-4.1.0\assimp-4.1.0\code\OptimizeMeshes.cpp">
      <Filter>PostProcessing</Filter>
    </ClCompile>
    <ClCompile Include="D:\River\Downloads\assimp-4.1.0\assimp-4.1.0\code\DeboneProcess.cpp">
      <Filter>PostProcessing</Filter>
    </ClCompile>
    <ClCompile Include="D:\River\Downloads\assimp-4.1.0\assimp-4.1.0\code\ProcessHelper.cpp">
      <Filter>PostProcessing</Filter>
    </ClCompile>
    <ClCompile Include="D:\River\Downloads\assimp-4.1.0\assimp-4.1.0\code\MakeVerboseFormat.cpp">
      <Filter>PostProcessing</Filter>
    </ClCompile>
    <ClCompile Include="D:\River\Downloads\assimp-4.1.0\assimp-4.1.0\code\MaterialSystem.cpp">
      <Filter>MaterialSystem</Filter>
    </ClCompile>
    <ClCompile Include="D:\River\Downloads\assimp-4.1.0\assimp-4.1.0\code\StepExporter.cpp">
      <Filter>Step</Filter>
    </ClCompile>
    <ClCompile Include="D:\River\Downloads\assimp-4.1.0\assimp-4.1.0\code\AMFImporter.cpp">
      <Filter>AMF</Filter>
    </ClCompile>
    <ClCompile Include="D:\River\Downloads\assimp-4.1.0\assimp-4.1.0\code\AMFImporter_Geometry.cpp">
      <Filter>AMF</Filter>
    </ClCompile>
    <ClCompile Include="D:\River\Downloads\assimp-4.1.0\assimp-4.1.0\code\AMFImporter_Material.cpp">
      <Filter>AMF</Filter>
    </ClCompile>
    <ClCompile Include="D:\River\Downloads\assimp-4.1.0\assimp-4.1.0\code\AMFImporter_Postprocess.cpp">
      <Filter>AMF</Filter>
    </ClCompile>
    <ClCompile Include="D:\River\Downloads\assimp-4.1.0\assimp-4.1.0\code\3DSConverter.cpp">
      <Filter>3DS</Filter>
    </ClCompile>
    <ClCompile Include="D:\River\Downloads\assimp-4.1.0\assimp-4.1.0\code\3DSLoader.cpp">
      <Filter>3DS</Filter>
    </ClCompile>
    <ClCompile Include="D:\River\Downloads\assimp-4.1.0\assimp-4.1.0\code\3DSExporter.cpp">
      <Filter>3DS</Filter>
    </ClCompile>
    <ClCompile Include="D:\River\Downloads\assimp-4.1.0\assimp-4.1.0\code\ACLoader.cpp">
      <Filter>AC</Filter>
    </ClCompile>
    <ClCompile Include="D:\River\Downloads\assimp-4.1.0\assimp-4.1.0\code\ASELoader.cpp">
      <Filter>ASE</Filter>
    </ClCompile>
    <ClCompile Include="D:\River\Downloads\assimp-4.1.0\assimp-4.1.0\code\ASEParser.cpp">
      <Filter>ASE</Filter>
    </ClCompile>
    <ClCompile Include="D:\River\Downloads\assimp-4.1.0\assimp-4.1.0\code\AssbinExporter.cpp">
      <Filter>ASSBIN</Filter>
    </ClCompile>
    <ClCompile Include="D:\River\Downloads\assimp-4.1.0\assimp-4.1.0\code\AssbinLoader.cpp">
      <Filter>ASSBIN</Filter>
    </ClCompile>
    <ClCompile Include="D:\River\Downloads\assimp-4.1.0\assimp-4.1.0\code\AssxmlExporter.cpp">
      <Filter>ASSXML</Filter>
    </ClCompile>
    <ClCompile Include="D:\River\Downloads\assimp-4.1.0\assimp-4.1.0\code\B3DImporter.cpp">
      <Filter>B3D</Filter>
    </ClCompile>
    <ClCompile Include="D:\River\Downloads\assimp-4.1.0\assimp-4.1.0\code\BVHLoader.cpp">
      <Filter>BVH</Filter>
    </ClCompile>
    <ClCompile Include="D:\River\Downloads\assimp-4.1.0\assimp-4.1.0\code\ColladaLoader.cpp">
      <Filter>COLLADA</Filter>
    </ClCompile>
    <ClCompile Include="D:\River\Downloads\assimp-4.1.0\assimp-4.1.0\code\ColladaParser.cpp">
      <Filter>COLLADA</Filter>
    </ClCompile>
    <ClCompile Include="D:\River\Downloads\assimp-4.1.0\assimp-4.1.0\code\ColladaExporter.cpp">
      <Filter>COLLADA</Filter>
    </ClCompile>
    <ClCompile Include="D:\River\Downloads\assimp-4.1.0\assimp-4.1.0\code\DXFLoader.cpp">
      <Filter>DXF</Filter>
    </ClCompile>
    <ClCompile Include="D:\River\Downloads\assimp-4.1.0\assimp-4.1.0\code\CSMLoader.cpp">
      <Filter>CSM</Filter>
    </ClCompile>
    <ClCompile Include="D:\River\Downloads\assimp-4.1.0\assimp-4.1.0\code\HMPLoader.cpp">
      <Filter>HMP</Filter>
    </ClCompile>
    <ClCompile Include="D:\River\Downloads\assimp-4.1.0\assimp-4.1.0\code\IRRMeshLoader.cpp">
      <Filter>IRRMESH</Filter>
    </ClCompile>
    <ClCompile Include="D:\River\Downloads\assimp-4.1.0\assimp-4.1.0\code\IRRShared.cpp">
      <Filter>IRR</Filter>
    </ClCompile>
    <ClCompile Include="D:\River\Downloads\assimp-4.1.0\assimp-4.1.0\code\IRRLoader.cpp">
      <Filter>IRR</Filter>
    </ClCompile>
    <ClCompile Include="D:\River\Downloads\assimp-4.1.0\assimp-4.1.0\code\LWOAnimation.cpp">
      <Filter>LWO</Filter>
    </ClCompile>
    <ClCompile Include="D:\River\Downloads\assimp-4.1.0\assimp-4.1.0\code\LWOBLoader.cpp">
      <Filter>LWO</Filter>
    </ClCompile>
    <ClCompile Include="D:\River\Downloads\assimp-4.1.0\assimp-4.1.0\code\LWOLoader.cpp">
      <Filter>LWO</Filter>
    </ClCompile>
    <ClCompile Include="D:\River\Downloads\assimp-4.1.0\assimp-4.1.0\code\LWOMaterial.cpp">
      <Filter>LWO</Filter>
    </ClCompile>
    <ClCompile Include="D:\River\Downloads\assimp-4.1.0\assimp-4.1.0\code\LWSLoader.cpp">
      <Filter>LWS</Filter>
    </ClCompile>
    <ClCompile Include="D:\River\Downloads\assimp-4.1.0\assimp-4.1.0\code\MD2Loader.cpp">
      <Filter>MD2</Filter>
    </ClCompile>
    <ClCompile Include="D:\River\Downloads\assimp-4.1.0\assimp-4.1.0\code\MD3Loader.cpp">
      <Filter>MD3</Filter>
    </ClCompile>
    <ClCompile Include="D:\River\Downloads\assimp-4.1.0\assimp-4.1.0\code\MD5Loader.cpp">
      <Filter>MD5</Filter>
    </ClCompile>
    <ClCompile Include="D:\River\Downloads\assimp-4.1.0\assimp-4.1.0\code\MD5Parser.cpp">
      <Filter>MD5</Filter>
    </ClCompile>
    <ClCompile Include="D:\River\Downloads\assimp-4.1.0\assimp-4.1.0\code\MDCLoader.cpp">
      <Filter>MDC</Filter>
    </ClCompile>
    <ClCompile Include="D:\River\Downloads\assimp-4.1.0\assimp-4.1.0\code\MDLLoader.cpp">
      <Filter>MDL</Filter>
    </ClCompile>
    <ClCompile Include="D:\River\Downloads\assimp-4.1.0\assimp-4.1.0\code\MDLMaterialLoader.cpp">
      <Filter>MDL</Filter>
    </ClCompile>
    <ClCompile Include="D:\River\Downloads\assimp-4.1.0\assimp-4.1.0\code\NFFLoader.cpp">
      <Filter>NFF</Filter>
    </ClCompile>
    <ClCompile Include="D:\River\Downloads\assimp-4.1.0\assimp-4.1.0\code\NDOLoader.cpp">
      <Filter>NDO</Filter>
    </ClCompile>
    <ClCompile Include="D:\River\Downloads\assimp-4.1.0\assimp-4.1.0\code\OFFLoader.cpp">
      <Filter>OFF</Filter>
    </ClCompile>
    <ClCompile Include="D:\River\Downloads\assimp-4.1.0\assimp-4.1.0\code\ObjFileImporter.cpp">
      <Filter>OBJ</Filter>
    </ClCompile>
    <ClCompile Include="D:\River\Downloads\assimp-4.1.0\assimp-4.1.0\code\ObjFileMtlImporter.cpp">
      <Filter>OBJ</Filter>
    </ClCompile>
    <ClCompile Include="D:\River\Downloads\assimp-4.1.0\assimp-4.1.0\code\ObjFileParser.cpp">
      <Filter>OBJ</Filter>
    </ClCompile>
    <ClCompile Include="D:\River\Downloads\assimp-4.1.0\assimp-4.1.0\code\ObjExporter.cpp">
      <Filter>OBJ</Filter>
    </ClCompile>
    <ClCompile Include="D:\River\Downloads\assimp-4.1.0\assimp-4.1.0\code\OgreImporter.cpp">
      <Filter>OGRE</Filter>
    </ClCompile>
    <ClCompile Include="D:\River\Downloads\assimp-4.1.0\assimp-4.1.0\code\OgreStructs.cpp">
      <Filter>OGRE</Filter>
    </ClCompile>
    <ClCompile Include="D:\River\Downloads\assimp-4.1.0\assimp-4.1.0\code\OgreBinarySerializer.cpp">
      <Filter>OGRE</Filter>
    </ClCompile>
    <ClCompile Include="D:\River\Downloads\assimp-4.1.0\assimp-4.1.0\code\OgreXmlSerializer.cpp">
      <Filter>OGRE</Filter>
    </ClCompile>
    <ClCompile Include="D:\River\Downloads\assimp-4.1.0\assimp-4.1.0\code\OgreMaterial.cpp">
      <Filter>OGRE</Filter>
    </ClCompile>
    <ClCompile Include="D:\River\Downloads\assimp-4.1.0\assimp-4.1.0\code\OpenGEXExporter.cpp">
      <Filter>OPENGEX</Filter>
    </ClCompile>
    <ClCompile Include="D:\River\Downloads\assimp-4.1.0\assimp-4.1.0\code\OpenGEXImporter.cpp">
      <Filter>OPENGEX</Filter>
    </ClCompile>
    <ClCompile Include="D:\River\Downloads\assimp-4.1.0\assimp-4.1.0\code\PlyLoader.cpp">
      <Filter>PLY</Filter>
    </ClCompile>
    <ClCompile Include="D:\River\Downloads\assimp-4.1.0\assimp-4.1.0\code\PlyParser.cpp">
      <Filter>PLY</Filter>
    </ClCompile>
    <ClCompile Include="D:\River\Downloads\assimp-4.1.0\assimp-4.1.0\code\PlyExporter.cpp">
      <Filter>PLY</Filter>
    </ClCompile>
    <ClCompile Include="D:\River\Downloads\assimp-4.1.0\assimp-4.1.0\code\MS3DLoader.cpp">
      <Filter>MS3D</Filter>
    </ClCompile>
    <ClCompile Include="D:\River\Downloads\assimp-4.1.0\assimp-4.1.0\code\COBLoader.cpp">
      <Filter>COB</Filter>
    </ClCompile>
    <ClCompile Include="D:\River\Downloads\assimp-4.1.0\assimp-4.1.0\code\BlenderLoader.cpp">
      <Filter>BLEND</Filter>
    </ClCompile>
    <ClCompile Include="D:\River\Downloads\assimp-4.1.0\assimp-4.1.0\code\BlenderDNA.cpp">
      <Filter>BLEND</Filter>
    </ClCompile>
    <ClCompile Include="D:\River\Downloads\assimp-4.1.0\assimp-4.1.0\code\BlenderScene.cpp">
      <Filter>BLEND</Filter>
    </ClCompile>
    <ClCompile Include="D:\River\Downloads\assimp-4.1.0\assimp-4.1.0\code\BlenderModifier.cpp">
      <Filter>BLEND</Filter>
    </ClCompile>
    <ClCompile Include="D:\River\Downloads\assimp-4.1.0\assimp-4.1.0\code\BlenderBMesh.cpp">
      <Filter>BLEND</Filter>
    </ClCompile>
    <ClCompile Include="D:\River\Downloads\assimp-4.1.0\assimp-4.1.0\code\BlenderTessellator.cpp">
      <Filter>BLEND</Filter>
    </ClCompile>
    <ClCompile Include="D:\River\Downloads\assimp-4.1.0\assimp-4.1.0\code\IFCLoader.cpp">
      <Filter>IFC</Filter>
    </ClCompile>
    <ClCompile Include="D:\River\Downloads\assimp-4.1.0\assimp-4.1.0\code\IFCReaderGen1.cpp">
      <Filter>IFC</Filter>
    </ClCompile>
    <ClCompile Include="D:\River\Downloads\assimp-4.1.0\assimp-4.1.0\code\IFCReaderGen2.cpp">
      <Filter>IFC</Filter>
    </ClCompile>
    <ClCompile Include="D:\River\Downloads\assimp-4.1.0\assimp-4.1.0\code\IFCUtil.cpp">
      <Filter>IFC</Filter>
    </ClCompile>
    <ClCompile Include="D:\River\Downloads\assimp-4.1.0\assimp-4.1.0\code\IFCGeometry.cpp">
      <Filter>IFC</Filter>
    </ClCompile>
    <ClCompile Include="D:\River\Downloads\assimp-4.1.0\assimp-4.1.0\code\IFCMaterial.cpp">
      <Filter>IFC</Filter>
    </ClCompile>
    <ClCompile Include="D:\River\Downloads\assimp-4.1.0\assimp-4.1.0\code\IFCProfile.cpp">
      <Filter>IFC</Filter>
    </ClCompile>
    <ClCompile Include="D:\River\Downloads\assimp-4.1.0\assimp-4.1.0\code\IFCCurve.cpp">
      <Filter>IFC</Filter>
    </ClCompile>
    <ClCompile Include="D:\River\Downloads\assimp-4.1.0\assimp-4.1.0\code\IFCBoolean.cpp">
      <Filter>IFC</Filter>
    </ClCompile>
    <ClCompile Include="D:\River\Downloads\assimp-4.1.0\assimp-4.1.0\code\IFCOpenings.cpp">
      <Filter>IFC</Filter>
    </ClCompile>
    <ClCompile Include="D:\River\Downloads\assimp-4.1.0\assimp-4.1.0\code\STEPFileReader.cpp">
      <Filter>IFC</Filter>
    </ClCompile>
    <ClCompile Include="D:\River\Downloads\assimp-4.1.0\assimp-4.1.0\code\STEPFileEncoding.cpp">
      <Filter>IFC</Filter>
    </ClCompile>
    <ClCompile Include="D:\River\Downloads\assimp-4.1.0\assimp-4.1.0\code\XGLLoader.cpp">
      <Filter>XGL</Filter>
    </ClCompile>
    <ClCompile Include="D:\River\Downloads\assimp-4.1.0\assimp-4.1.0\code\FBXImporter.cpp">
      <Filter>FBX</Filter>
    </ClCompile>
    <ClCompile Include="D:\River\Downloads\assimp-4.1.0\assimp-4.1.0\code\FBXParser.cpp">
      <Filter>FBX</Filter>
    </ClCompile>
    <ClCompile Include="D:\River\Downloads\assimp-4.1.0\assimp-4.1.0\code\FBXTokenizer.cpp">
      <Filter>FBX</Filter>
    </ClCompile>
    <ClCompile Include="D:\River\Downloads\assimp-4.1.0\assimp-4.1.0\code\FBXConverter.cpp">
      <Filter>FBX</Filter>
    </ClCompile>
    <ClCompile Include="D:\River\Downloads\assimp-4.1.0\assimp-4.1.0\code\FBXUtil.cpp">
      <Filter>FBX</Filter>
    </ClCompile>
    <ClCompile Include="D:\River\Downloads\assimp-4.1.0\assimp-4.1.0\code\FBXDocument.cpp">
      <Filter>FBX</Filter>
    </ClCompile>
    <ClCompile Include="D:\River\Downloads\assimp-4.1.0\assimp-4.1.0\code\FBXProperties.cpp">
      <Filter>FBX</Filter>
    </ClCompile>
    <ClCompile Include="D:\River\Downloads\assimp-4.1.0\assimp-4.1.0\code\FBXMeshGeometry.cpp">
      <Filter>FBX</Filter>
    </ClCompile>
    <ClCompile Include="D:\River\Downloads\assimp-4.1.0\assimp-4.1.0\code\FBXMaterial.cpp">
      <Filter>FBX</Filter>
    </ClCompile>
    <ClCompile Include="D:\River\Downloads\assimp-4.1.0\assimp-4.1.0\code\FBXModel.cpp">
      <Filter>FBX</Filter>
    </ClCompile>
    <ClCompile Include="D:\River\Downloads\assimp-4.1.0\assimp-4.1.0\code\FBXAnimation.cpp">
      <Filter>FBX</Filter>
    </ClCompile>
    <ClCompile Include="D:\River\Downloads\assimp-4.1.0\assimp-4.1.0\code\FBXNodeAttribute.cpp">
      <Filter>FBX</Filter>
    </ClCompile>
    <ClCompile Include="D:\River\Downloads\assimp-4.1.0\assimp-4.1.0\code\FBXDeformer.cpp">
      <Filter>FBX</Filter>
    </ClCompile>
    <ClCompile Include="D:\River\Downloads\assimp-4.1.0\assimp-4.1.0\code\FBXBinaryTokenizer.cpp">
      <Filter>FBX</Filter>
    </ClCompile>
    <ClCompile Include="D:\River\Downloads\assimp-4.1.0\assimp-4.1.0\code\FBXDocumentUtil.cpp">
      <Filter>FBX</Filter>
    </ClCompile>
    <ClCompile Include="D:\River\Downloads\assimp-4.1.0\assimp-4.1.0\code\Q3DLoader.cpp">
      <Filter>Q3D</Filter>
    </ClCompile>
    <ClCompile Include="D:\River\Downloads\assimp-4.1.0\assimp-4.1.0\code\Q3BSPFileParser.cpp">
      <Filter>Q3BSP</Filter>
    </ClCompile>
    <ClCompile Include="D:\River\Downloads\assimp-4.1.0\assimp-4.1.0\code\Q3BSPFileImporter.cpp">
      <Filter>Q3BSP</Filter>
    </ClCompile>
    <ClCompile Include="D:\River\Downloads\assimp-4.1.0\assimp-4.1.0\code\Q3BSPZipArchive.cpp">
      <Filter>Q3BSP</Filter>
    </ClCompile>
    <ClCompile Include="D:\River\Downloads\assimp-4.1.0\assimp-4.1.0\code\RawLoader.cpp">
      <Filter>RAW</Filter>
    </ClCompile>
    <ClCompile Include="D:\River\Downloads\assimp-4.1.0\assimp-4.1.0\code\SIBImporter.cpp">
      <Filter>SIB</Filter>
    </ClCompile>
    <ClCompile Include="D:\River\Downloads\assimp-4.1.0\assimp-4.1.0\code\SMDLoader.cpp">
      <Filter>SMD</Filter>
    </ClCompile>
    <ClCompile Include="D:\River\Downloads\assimp-4.1.0\assimp-4.1.0\code\STLLoader.cpp">
      <Filter>STL</Filter>
    </ClCompile>
    <ClCompile Include="D:\River\Downloads\assimp-4.1.0\assimp-4.1.0\code\STLExporter.cpp">
      <Filter>STL</Filter>
    </ClCompile>
    <ClCompile Include="D:\River\Downloads\assimp-4.1.0\assimp-4.1.0\code\TerragenLoader.cpp">
      <Filter>TERRAGEN</Filter>
    </ClCompile>
    <ClCompile Include="D:\River\Downloads\assimp-4.1.0\assimp-4.1.0\code\UnrealLoader.cpp">
      <Filter>3D</Filter>
    </ClCompile>
    <ClCompile Include="D:\River\Downloads\assimp-4.1.0\assimp-4.1.0\code\XFileImporter.cpp">
      <Filter>X</Filter>
    </ClCompile>
    <ClCompile Include="D:\River\Downloads\assimp-4.1.0\assimp-4.1.0\code\XFileParser.cpp">
      <Filter>X</Filter>
    </ClCompile>
    <ClCompile Include="D:\River\Downloads\assimp-4.1.0\assimp-4.1.0\code\XFileExporter.cpp">
      <Filter>X</Filter>
    </ClCompile>
    <ClCompile Include="D:\River\Downloads\assimp-4.1.0\assimp-4.1.0\code\X3DExporter.cpp">
      <Filter>X3D</Filter>
    </ClCompile>
    <ClCompile Include="D:\River\Downloads\assimp-4.1.0\assimp-4.1.0\code\X3DImporter.cpp">
      <Filter>X3D</Filter>
    </ClCompile>
    <ClCompile Include="D:\River\Downloads\assimp-4.1.0\assimp-4.1.0\code\X3DImporter_Geometry2D.cpp">
      <Filter>X3D</Filter>
    </ClCompile>
    <ClCompile Include="D:\River\Downloads\assimp-4.1.0\assimp-4.1.0\code\X3DImporter_Geometry3D.cpp">
      <Filter>X3D</Filter>
    </ClCompile>
    <ClCompile Include="D:\River\Downloads\assimp-4.1.0\assimp-4.1.0\code\X3DImporter_Group.cpp">
      <Filter>X3D</Filter>
    </ClCompile>
    <ClCompile Include="D:\River\Downloads\assimp-4.1.0\assimp-4.1.0\code\X3DImporter_Light.cpp">
      <Filter>X3D</Filter>
    </ClCompile>
    <ClCompile Include="D:\River\Downloads\assimp-4.1.0\assimp-4.1.0\code\X3DImporter_Metadata.cpp">
      <Filter>X3D</Filter>
    </ClCompile>
    <ClCompile Include="D:\River\Downloads\assimp-4.1.0\assimp-4.1.0\code\X3DImporter_Networking.cpp">
      <Filter>X3D</Filter>
    </ClCompile>
    <ClCompile Include="D:\River\Downloads\assimp-4.1.0\assimp-4.1.0\code\X3DImporter_Postprocess.cpp">
      <Filter>X3D</Filter>
    </ClCompile>
    <ClCompile Include="D:\River\Downloads\assimp-4.1.0\assimp-4.1.0\code\X3DImporter_Rendering.cpp">
      <Filter>X3D</Filter>
    </ClCompile>
    <ClCompile Include="D:\River\Downloads\assimp-4.1.0\assimp-4.1.0\code\X3DImporter_Shape.cpp">
      <Filter>X3D</Filter>
    </ClCompile>
    <ClCompile Include="D:\River\Downloads\assimp-4.1.0\assimp-4.1.0\code\X3DImporter_Texturing.cpp">
      <Filter>X3D</Filter>
    </ClCompile>
    <ClCompile Include="D:\River\Downloads\assimp-4.1.0\assimp-4.1.0\code\FIReader.cpp">
      <Filter>X3D</Filter>
    </ClCompile>
    <ClCompile Include="D:\River\Downloads\assimp-4.1.0\assimp-4.1.0\code\X3DVocabulary.cpp">
      <Filter>X3D</Filter>
    </ClCompile>
    <ClCompile Include="D:\River\Downloads\assimp-4.1.0\assimp-4.1.0\code\glTFImporter.cpp">
      <Filter>GLTF</Filter>
    </ClCompile>
    <ClCompile Include="D:\River\Downloads\assimp-4.1.0\assimp-4.1.0\code\glTFExporter.cpp">
      <Filter>GLTF</Filter>
    </ClCompile>
    <ClCompile Include="D:\River\Downloads\assimp-4.1.0\assimp-4.1.0\code\glTF2Importer.cpp">
      <Filter>GLTF</Filter>
    </ClCompile>
    <ClCompile Include="D:\River\Downloads\assimp-4.1.0\assimp-4.1.0\code\glTF2Exporter.cpp">
      <Filter>GLTF</Filter>
    </ClCompile>
    <ClCompile Include="D:\River\Downloads\assimp-4.1.0\assimp-4.1.0\code\D3MFImporter.cpp">
      <Filter>3MF</Filter>
    </ClCompile>
    <ClCompile Include="D:\River\Downloads\assimp-4.1.0\assimp-4.1.0\code\D3MFExporter.cpp">
      <Filter>3MF</Filter>
    </ClCompile>
    <ClCompile Include="D:\River\Downloads\assimp-4.1.0\assimp-4.1.0\code\D3MFOpcPackage.cpp">
      <Filter>3MF</Filter>
    </ClCompile>
    <ClCompile Include="D:\River\Downloads\assimp-4.1.0\assimp-4.1.0\code\MMDImporter.cpp">
      <Filter>MMD</Filter>
    </ClCompile>
    <ClCompile Include="D:\River\Downloads\assimp-4.1.0\assimp-4.1.0\code\MMDPmxParser.cpp">
      <Filter>MMD</Filter>
    </ClCompile>
    <ClCompile Include="D:\River\Downloads\assimp-4.1.0\assimp-4.1.0\contrib\unzip\ioapi.c">
      <Filter>unzip</Filter>
    </ClCompile>
    <ClCompile Include="D:\River\Downloads\assimp-4.1.0\assimp-4.1.0\contrib\unzip\unzip.c">
      <Filter>unzip</Filter>
    </ClCompile>
    <ClCompile Include="D:\River\Downloads\assimp-4.1.0\assimp-4.1.0\contrib\poly2tri\poly2tri\common\shapes.cc">
      <Filter>Poly2Tri</Filter>
    </ClCompile>
    <ClCompile Include="D:\River\Downloads\assimp-4.1.0\assimp-4.1.0\contrib\poly2tri\poly2tri\sweep\advancing_front.cc">
      <Filter>Poly2Tri</Filter>
    </ClCompile>
    <ClCompile Include="D:\River\Downloads\assimp-4.1.0\assimp-4.1.0\contrib\poly2tri\poly2tri\sweep\cdt.cc">
      <Filter>Poly2Tri</Filter>
    </ClCompile>
    <ClCompile Include="D:\River\Downloads\assimp-4.1.0\assimp-4.1.0\contrib\poly2tri\poly2tri\sweep\sweep.cc">
      <Filter>Poly2Tri</Filter>
    </ClCompile>
    <ClCompile Include="D:\River\Downloads\assimp-4.1.0\assimp-4.1.0\contrib\poly2tri\poly2tri\sweep\sweep_context.cc">
      <Filter>Poly2Tri</Filter>
    </ClCompile>
    <ClCompile Include="D:\River\Downloads\assimp-4.1.0\assimp-4.1.0\contrib\clipper\clipper.cpp">
      <Filter>Clipper</Filter>
    </ClCompile>
    <ClCompile Include="D:\River\Downloads\assimp-4.1.0\assimp-4.1.0\contrib\openddlparser\code\OpenDDLParser.cpp">
      <Filter>openddl_parser</Filter>
    </ClCompile>
    <ClCompile Include="D:\River\Downloads\assimp-4.1.0\assimp-4.1.0\contrib\openddlparser\code\DDLNode.cpp">
      <Filter>openddl_parser</Filter>
    </ClCompile>
    <ClCompile Include="D:\River\Downloads\assimp-4.1.0\assimp-4.1.0\contrib\openddlparser\code\OpenDDLCommon.cpp">
      <Filter>openddl_parser</Filter>
    </ClCompile>
    <ClCompile Include="D:\River\Downloads\assimp-4.1.0\assimp-4.1.0\contrib\openddlparser\code\OpenDDLExport.cpp">
      <Filter>openddl_parser</Filter>
    </ClCompile>
    <ClCompile Include="D:\River\Downloads\assimp-4.1.0\assimp-4.1.0\contrib\openddlparser\code\Value.cpp">
      <Filter>openddl_parser</Filter>
    </ClCompile>
    <ClCompile Include="D:\River\Downloads\assimp-4.1.0\assimp-4.1.0\contrib\openddlparser\code\OpenDDLStream.cpp">
      <Filter>openddl_parser</Filter>
    </ClCompile>
    <ClCompile Include="D:\River\Downloads\assimp-4.1.0\assimp-4.1.0\contrib\Open3DGC\o3dgcArithmeticCodec.cpp">
      <Filter>open3dgc</Filter>
    </ClCompile>
    <ClCompile Include="D:\River\Downloads\assimp-4.1.0\assimp-4.1.0\contrib\Open3DGC\o3dgcDynamicVectorDecoder.cpp">
      <Filter>open3dgc</Filter>
    </ClCompile>
    <ClCompile Include="D:\River\Downloads\assimp-4.1.0\assimp-4.1.0\contrib\Open3DGC\o3dgcDynamicVectorEncoder.cpp">
      <Filter>open3dgc</Filter>
    </ClCompile>
    <ClCompile Include="D:\River\Downloads\assimp-4.1.0\assimp-4.1.0\contrib\Open3DGC\o3dgcTools.cpp">
      <Filter>open3dgc</Filter>
    </ClCompile>
    <ClCompile Include="D:\River\Downloads\assimp-4.1.0\assimp-4.1.0\contrib\Open3DGC\o3dgcTriangleFans.cpp">
      <Filter>open3dgc</Filter>
    </ClCompile>
    <ClCompile Include="D:\River\Downloads\assimp-4.1.0\assimp-4.1.0\contrib\zip\src\zip.c">
      <Filter>ziplib</Filter>
    </ClCompile>
  </ItemGroup>
  <ItemGroup>
    <ClInclude Include="D:\River\Downloads\assimp-4.1.0\assimp-4.1.0\code\fast_atof.h">
      <Filter>Common</Filter>
    </ClInclude>
    <ClInclude Include="D:\River\Downloads\assimp-4.1.0\assimp-4.1.0\code\qnan.h">
      <Filter>Common</Filter>
    </ClInclude>
    <ClInclude Include="D:\River\Downloads\assimp-4.1.0\assimp-4.1.0\code\BaseImporter.h">
      <Filter>Common</Filter>
    </ClInclude>
    <ClInclude Include="D:\River\Downloads\assimp-4.1.0\assimp-4.1.0\code\BaseProcess.h">
      <Filter>Common</Filter>
    </ClInclude>
    <ClInclude Include="D:\River\Downloads\assimp-4.1.0\assimp-4.1.0\code\Importer.h">
      <Filter>Common</Filter>
    </ClInclude>
    <ClInclude Include="D:\River\Downloads\assimp-4.1.0\assimp-4.1.0\code\ScenePrivate.h">
      <Filter>Common</Filter>
    </ClInclude>
    <ClInclude Include="D:\River\Downloads\assimp-4.1.0\assimp-4.1.0\code\ByteSwapper.h">
      <Filter>Common</Filter>
    </ClInclude>
    <ClInclude Include="D:\River\Downloads\assimp-4.1.0\assimp-4.1.0\code\DefaultProgressHandler.h">
      <Filter>Common</Filter>
    </ClInclude>
    <ClInclude Include="D:\River\Downloads\assimp-4.1.0\assimp-4.1.0\code\CInterfaceIOWrapper.h">
      <Filter>Common</Filter>
    </ClInclude>
    <ClInclude Include="D:\River\Downloads\assimp-4.1.0\assimp-4.1.0\code\Hash.h">
      <Filter>Common</Filter>
    </ClInclude>
    <ClInclude Include="D:\River\Downloads\assimp-4.1.0\assimp-4.1.0\code\IFF.h">
      <Filter>Common</Filter>
    </ClInclude>
    <ClInclude Include="D:\River\Downloads\assimp-4.1.0\assimp-4.1.0\code\MemoryIOWrapper.h">
      <Filter>Common</Filter>
    </ClInclude>
    <ClInclude Include="D:\River\Downloads\assimp-4.1.0\assimp-4.1.0\code\ParsingUtils.h">
      <Filter>Common</Filter>
    </ClInclude>
    <ClInclude Include="D:\River\Downloads\assimp-4.1.0\assimp-4.1.0\code\StreamReader.h">
      <Filter>Common</Filter>
    </ClInclude>
    <ClInclude Include="D:\River\Downloads\assimp-4.1.0\assimp-4.1.0\code\StreamWriter.h">
      <Filter>Common</Filter>
    </ClInclude>
    <ClInclude Include="D:\River\Downloads\assimp-4.1.0\assimp-4.1.0\code\StringComparison.h">
      <Filter>Common</Filter>
    </ClInclude>
    <ClInclude Include="D:\River\Downloads\assimp-4.1.0\assimp-4.1.0\code\StringUtils.h">
      <Filter>Common</Filter>
    </ClInclude>
    <ClInclude Include="D:\River\Downloads\assimp-4.1.0\assimp-4.1.0\code\SGSpatialSort.h">
      <Filter>Common</Filter>
    </ClInclude>
    <ClInclude Include="D:\River\Downloads\assimp-4.1.0\assimp-4.1.0\code\VertexTriangleAdjacency.h">
      <Filter>Common</Filter>
    </ClInclude>
    <ClInclude Include="D:\River\Downloads\assimp-4.1.0\assimp-4.1.0\code\GenericProperty.h">
      <Filter>Common</Filter>
    </ClInclude>
    <ClInclude Include="D:\River\Downloads\assimp-4.1.0\assimp-4.1.0\code\SpatialSort.h">
      <Filter>Common</Filter>
    </ClInclude>
    <ClInclude Include="D:\River\Downloads\assimp-4.1.0\assimp-4.1.0\code\ScenePreprocessor.h">
      <Filter>Common</Filter>
    </ClInclude>
    <ClInclude Include="D:\River\Downloads\assimp-4.1.0\assimp-4.1.0\code\SkeletonMeshBuilder.h">
      <Filter>Common</Filter>
    </ClInclude>
    <ClInclude Include="D:\River\Downloads\assimp-4.1.0\assimp-4.1.0\code\SplitByBoneCountProcess.h">
      <Filter>Common</Filter>
    </ClInclude>
    <ClInclude Include="D:\River\Downloads\assimp-4.1.0\assimp-4.1.0\code\ScaleProcess.h">
      <Filter>Common</Filter>
    </ClInclude>
    <ClInclude Include="D:\River\Downloads\assimp-4.1.0\assimp-4.1.0\code\SmoothingGroups.h">
      <Filter>Common</Filter>
    </ClInclude>
    <ClInclude Include="D:\River\Downloads\assimp-4.1.0\assimp-4.1.0\code\StandardShapes.h">
      <Filter>Common</Filter>
    </ClInclude>
    <ClInclude Include="D:\River\Downloads\assimp-4.1.0\assimp-4.1.0\code\TargetAnimation.h">
      <Filter>Common</Filter>
    </ClInclude>
    <ClInclude Include="D:\River\Downloads\assimp-4.1.0\assimp-4.1.0\code\RemoveComments.h">
      <Filter>Common</Filter>
    </ClInclude>
    <ClInclude Include="D:\River\Downloads\assimp-4.1.0\assimp-4.1.0\code\Subdivision.h">
      <Filter>Common</Filter>
    </ClInclude>
    <ClInclude Include="D:\River\Downloads\assimp-4.1.0\assimp-4.1.0\code\Vertex.h">
      <Filter>Common</Filter>
    </ClInclude>
    <ClInclude Include="D:\River\Downloads\assimp-4.1.0\assimp-4.1.0\code\LineSplitter.h">
      <Filter>Common</Filter>
    </ClInclude>
    <ClInclude Include="D:\River\Downloads\assimp-4.1.0\assimp-4.1.0\code\TinyFormatter.h">
      <Filter>Common</Filter>
    </ClInclude>
    <ClInclude Include="D:\River\Downloads\assimp-4.1.0\assimp-4.1.0\code\Profiler.h">
      <Filter>Common</Filter>
    </ClInclude>
    <ClInclude Include="D:\River\Downloads\assimp-4.1.0\assimp-4.1.0\code\LogAux.h">
      <Filter>Common</Filter>
    </ClInclude>
    <ClInclude Include="D:\River\Downloads\assimp-4.1.0\assimp-4.1.0\code\Bitmap.h">
      <Filter>Common</Filter>
    </ClInclude>
    <ClInclude Include="D:\River\Downloads\assimp-4.1.0\assimp-4.1.0\code\XMLTools.h">
      <Filter>Common</Filter>
    </ClInclude>
    <ClInclude Include="D:\River\Downloads\assimp-4.1.0\assimp-4.1.0\code\IOStreamBuffer.h">
      <Filter>Common</Filter>
    </ClInclude>
    <ClInclude Include="D:\River\Downloads\assimp-4.1.0\assimp-4.1.0\code\CreateAnimMesh.h">
      <Filter>Common</Filter>
    </ClInclude>
    <ClInclude Include="D:\River\Downloads\assimp-4.1.0\assimp-4.1.0\include\assimp\DefaultLogger.hpp">
      <Filter>Logging</Filter>
    </ClInclude>
    <ClInclude Include="D:\River\Downloads\assimp-4.1.0\assimp-4.1.0\include\assimp\LogStream.hpp">
      <Filter>Logging</Filter>
    </ClInclude>
    <ClInclude Include="D:\River\Downloads\assimp-4.1.0\assimp-4.1.0\include\assimp\Logger.hpp">
      <Filter>Logging</Filter>
    </ClInclude>
    <ClInclude Include="D:\River\Downloads\assimp-4.1.0\assimp-4.1.0\include\assimp\NullLogger.hpp">
      <Filter>Logging</Filter>
    </ClInclude>
    <ClInclude Include="D:\River\Downloads\assimp-4.1.0\assimp-4.1.0\code\Win32DebugLogStream.h">
      <Filter>Logging</Filter>
    </ClInclude>
    <ClInclude Include="D:\River\Downloads\assimp-4.1.0\assimp-4.1.0\code\FileLogStream.h">
      <Filter>Logging</Filter>
    </ClInclude>
    <ClInclude Include="D:\River\Downloads\assimp-4.1.0\assimp-4.1.0\code\StdOStreamLogStream.h">
      <Filter>Logging</Filter>
    </ClInclude>
    <ClInclude Include="D:\River\Downloads\assimp-4.1.0\assimp-4.1.0\code\BlobIOSystem.h">
      <Filter>Exporter</Filter>
    </ClInclude>
    <ClInclude Include="D:\River\Downloads\assimp-4.1.0\assimp-4.1.0\code\CalcTangentsProcess.h">
      <Filter>PostProcessing</Filter>
    </ClInclude>
    <ClInclude Include="D:\River\Downloads\assimp-4.1.0\assimp-4.1.0\code\ComputeUVMappingProcess.h">
      <Filter>PostProcessing</Filter>
    </ClInclude>
    <ClInclude Include="D:\River\Downloads\assimp-4.1.0\assimp-4.1.0\code\ConvertToLHProcess.h">
      <Filter>PostProcessing</Filter>
    </ClInclude>
    <ClInclude Include="D:\River\Downloads\assimp-4.1.0\assimp-4.1.0\code\FindDegenerates.h">
      <Filter>PostProcessing</Filter>
    </ClInclude>
    <ClInclude Include="D:\River\Downloads\assimp-4.1.0\assimp-4.1.0\code\FindInstancesProcess.h">
      <Filter>PostProcessing</Filter>
    </ClInclude>
    <ClInclude Include="D:\River\Downloads\assimp-4.1.0\assimp-4.1.0\code\FindInvalidDataProcess.h">
      <Filter>PostProcessing</Filter>
    </ClInclude>
    <ClInclude Include="D:\River\Downloads\assimp-4.1.0\assimp-4.1.0\code\FixNormalsStep.h">
      <Filter>PostProcessing</Filter>
    </ClInclude>
    <ClInclude Include="D:\River\Downloads\assimp-4.1.0\assimp-4.1.0\code\GenFaceNormalsProcess.h">
      <Filter>PostProcessing</Filter>
    </ClInclude>
    <ClInclude Include="D:\River\Downloads\assimp-4.1.0\assimp-4.1.0\code\GenVertexNormalsProcess.h">
      <Filter>PostProcessing</Filter>
    </ClInclude>
    <ClInclude Include="D:\River\Downloads\assimp-4.1.0\assimp-4.1.0\code\PretransformVertices.h">
      <Filter>PostProcessing</Filter>
    </ClInclude>
    <ClInclude Include="D:\River\Downloads\assimp-4.1.0\assimp-4.1.0\code\ImproveCacheLocality.h">
      <Filter>PostProcessing</Filter>
    </ClInclude>
    <ClInclude Include="D:\River\Downloads\assimp-4.1.0\assimp-4.1.0\code\JoinVerticesProcess.h">
      <Filter>PostProcessing</Filter>
    </ClInclude>
    <ClInclude Include="D:\River\Downloads\assimp-4.1.0\assimp-4.1.0\code\LimitBoneWeightsProcess.h">
      <Filter>PostProcessing</Filter>
    </ClInclude>
    <ClInclude Include="D:\River\Downloads\assimp-4.1.0\assimp-4.1.0\code\RemoveRedundantMaterials.h">
      <Filter>PostProcessing</Filter>
    </ClInclude>
    <ClInclude Include="D:\River\Downloads\assimp-4.1.0\assimp-4.1.0\code\RemoveVCProcess.h">
      <Filter>PostProcessing</Filter>
    </ClInclude>
    <ClInclude Include="D:\River\Downloads\assimp-4.1.0\assimp-4.1.0\code\SortByPTypeProcess.h">
      <Filter>PostProcessing</Filter>
    </ClInclude>
    <ClInclude Include="D:\River\Downloads\assimp-4.1.0\assimp-4.1.0\code\SplitLargeMeshes.h">
      <Filter>PostProcessing</Filter>
    </ClInclude>
    <ClInclude Include="D:\River\Downloads\assimp-4.1.0\assimp-4.1.0\code\TextureTransform.h">
      <Filter>PostProcessing</Filter>
    </ClInclude>
    <ClInclude Include="D:\River\Downloads\assimp-4.1.0\assimp-4.1.0\code\TriangulateProcess.h">
      <Filter>PostProcessing</Filter>
    </ClInclude>
    <ClInclude Include="D:\River\Downloads\assimp-4.1.0\assimp-4.1.0\code\ValidateDataStructure.h">
      <Filter>PostProcessing</Filter>
    </ClInclude>
    <ClInclude Include="D:\River\Downloads\assimp-4.1.0\assimp-4.1.0\code\OptimizeGraph.h">
      <Filter>PostProcessing</Filter>
    </ClInclude>
    <ClInclude Include="D:\River\Downloads\assimp-4.1.0\assimp-4.1.0\code\OptimizeMeshes.h">
      <Filter>PostProcessing</Filter>
    </ClInclude>
    <ClInclude Include="D:\River\Downloads\assimp-4.1.0\assimp-4.1.0\code\DeboneProcess.h">
      <Filter>PostProcessing</Filter>
    </ClInclude>
    <ClInclude Include="D:\River\Downloads\assimp-4.1.0\assimp-4.1.0\code\ProcessHelper.h">
      <Filter>PostProcessing</Filter>
    </ClInclude>
    <ClInclude Include="D:\River\Downloads\assimp-4.1.0\assimp-4.1.0\code\PolyTools.h">
      <Filter>PostProcessing</Filter>
    </ClInclude>
    <ClInclude Include="D:\River\Downloads\assimp-4.1.0\assimp-4.1.0\code\MakeVerboseFormat.h">
      <Filter>PostProcessing</Filter>
    </ClInclude>
    <ClInclude Include="D:\River\Downloads\assimp-4.1.0\assimp-4.1.0\code\MaterialSystem.h">
      <Filter>MaterialSystem</Filter>
    </ClInclude>
    <ClInclude Include="D:\River\Downloads\assimp-4.1.0\assimp-4.1.0\code\StepExporter.h">
      <Filter>Step</Filter>
    </ClInclude>
    <ClInclude Include="D:\River\Downloads\assimp-4.1.0\assimp-4.1.0\code\AMFImporter.hpp">
      <Filter>AMF</Filter>
    </ClInclude>
    <ClInclude Include="D:\River\Downloads\assimp-4.1.0\assimp-4.1.0\code\AMFImporter_Macro.hpp">
      <Filter>AMF</Filter>
    </ClInclude>
    <ClInclude Include="D:\River\Downloads\assimp-4.1.0\assimp-4.1.0\code\AMFImporter_Node.hpp">
      <Filter>AMF</Filter>
    </ClInclude>
    <ClInclude Include="D:\River\Downloads\assimp-4.1.0\assimp-4.1.0\code\3DSHelper.h">
      <Filter>3DS</Filter>
    </ClInclude>
    <ClInclude Include="D:\River\Downloads\assimp-4.1.0\assimp-4.1.0\code\3DSLoader.h">
      <Filter>3DS</Filter>
    </ClInclude>
    <ClInclude Include="D:\River\Downloads\assimp-4.1.0\assimp-4.1.0\code\3DSExporter.h">
      <Filter>3DS</Filter>
    </ClInclude>
    <ClInclude Include="D:\River\Downloads\assimp-4.1.0\assimp-4.1.0\code\ACLoader.h">
      <Filter>AC</Filter>
    </ClInclude>
    <ClInclude Include="D:\River\Downloads\assimp-4.1.0\assimp-4.1.0\code\ASELoader.h">
      <Filter>ASE</Filter>
    </ClInclude>
    <ClInclude Include="D:\River\Downloads\assimp-4.1.0\assimp-4.1.0\code\ASEParser.h">
      <Filter>ASE</Filter>
    </ClInclude>
    <ClInclude Include="D:\River\Downloads\assimp-4.1.0\assimp-4.1.0\code\AssbinExporter.h">
      <Filter>ASSBIN</Filter>
    </ClInclude>
    <ClInclude Include="D:\River\Downloads\assimp-4.1.0\assimp-4.1.0\code\AssbinLoader.h">
      <Filter>ASSBIN</Filter>
    </ClInclude>
    <ClInclude Include="D:\River\Downloads\assimp-4.1.0\assimp-4.1.0\code\AssxmlExporter.h">
      <Filter>ASSXML</Filter>
    </ClInclude>
    <ClInclude Include="D:\River\Downloads\assimp-4.1.0\assimp-4.1.0\code\B3DImporter.h">
      <Filter>B3D</Filter>
    </ClInclude>
    <ClInclude Include="D:\River\Downloads\assimp-4.1.0\assimp-4.1.0\code\BVHLoader.h">
      <Filter>BVH</Filter>
    </ClInclude>
    <ClInclude Include="D:\River\Downloads\assimp-4.1.0\assimp-4.1.0\code\ColladaHelper.h">
      <Filter>COLLADA</Filter>
    </ClInclude>
    <ClInclude Include="D:\River\Downloads\assimp-4.1.0\assimp-4.1.0\code\ColladaLoader.h">
      <Filter>COLLADA</Filter>
    </ClInclude>
    <ClInclude Include="D:\River\Downloads\assimp-4.1.0\assimp-4.1.0\code\ColladaParser.h">
      <Filter>COLLADA</Filter>
    </ClInclude>
    <ClInclude Include="D:\River\Downloads\assimp-4.1.0\assimp-4.1.0\code\ColladaExporter.h">
      <Filter>COLLADA</Filter>
    </ClInclude>
    <ClInclude Include="D:\River\Downloads\assimp-4.1.0\assimp-4.1.0\code\DXFLoader.h">
      <Filter>DXF</Filter>
    </ClInclude>
    <ClInclude Include="D:\River\Downloads\assimp-4.1.0\assimp-4.1.0\code\DXFHelper.h">
      <Filter>DXF</Filter>
    </ClInclude>
    <ClInclude Include="D:\River\Downloads\assimp-4.1.0\assimp-4.1.0\code\CSMLoader.h">
      <Filter>CSM</Filter>
    </ClInclude>
    <ClInclude Include="D:\River\Downloads\assimp-4.1.0\assimp-4.1.0\code\HMPFileData.h">
      <Filter>HMP</Filter>
    </ClInclude>
    <ClInclude Include="D:\River\Downloads\assimp-4.1.0\assimp-4.1.0\code\HMPLoader.h">
      <Filter>HMP</Filter>
    </ClInclude>
    <ClInclude Include="D:\River\Downloads\assimp-4.1.0\assimp-4.1.0\code\HalfLifeFileData.h">
      <Filter>HMP</Filter>
    </ClInclude>
    <ClInclude Include="D:\River\Downloads\assimp-4.1.0\assimp-4.1.0\code\IRRMeshLoader.h">
      <Filter>IRRMESH</Filter>
    </ClInclude>
    <ClInclude Include="D:\River\Downloads\assimp-4.1.0\assimp-4.1.0\code\IRRShared.h">
      <Filter>IRR</Filter>
    </ClInclude>
    <ClInclude Include="D:\River\Downloads\assimp-4.1.0\assimp-4.1.0\code\IRRLoader.h">
      <Filter>IRR</Filter>
    </ClInclude>
    <ClInclude Include="D:\River\Downloads\assimp-4.1.0\assimp-4.1.0\code\LWOAnimation.h">
      <Filter>LWO</Filter>
    </ClInclude>
    <ClInclude Include="D:\River\Downloads\assimp-4.1.0\assimp-4.1.0\code\LWOFileData.h">
      <Filter>LWO</Filter>
    </ClInclude>
    <ClInclude Include="D:\River\Downloads\assimp-4.1.0\assimp-4.1.0\code\LWOLoader.h">
      <Filter>LWO</Filter>
    </ClInclude>
    <ClInclude Include="D:\River\Downloads\assimp-4.1.0\assimp-4.1.0\code\LWSLoader.h">
      <Filter>LWS</Filter>
    </ClInclude>
    <ClInclude Include="D:\River\Downloads\assimp-4.1.0\assimp-4.1.0\code\MD2FileData.h">
      <Filter>MD2</Filter>
    </ClInclude>
    <ClInclude Include="D:\River\Downloads\assimp-4.1.0\assimp-4.1.0\code\MD2Loader.h">
      <Filter>MD2</Filter>
    </ClInclude>
    <ClInclude Include="D:\River\Downloads\assimp-4.1.0\assimp-4.1.0\code\MD2NormalTable.h">
      <Filter>MD2</Filter>
    </ClInclude>
    <ClInclude Include="D:\River\Downloads\assimp-4.1.0\assimp-4.1.0\code\MD3FileData.h">
      <Filter>MD3</Filter>
    </ClInclude>
    <ClInclude Include="D:\River\Downloads\assimp-4.1.0\assimp-4.1.0\code\MD3Loader.h">
      <Filter>MD3</Filter>
    </ClInclude>
    <ClInclude Include="D:\River\Downloads\assimp-4.1.0\assimp-4.1.0\code\MD5Loader.h">
      <Filter>MD5</Filter>
    </ClInclude>
    <ClInclude Include="D:\River\Downloads\assimp-4.1.0\assimp-4.1.0\code\MD5Parser.h">
      <Filter>MD5</Filter>
    </ClInclude>
    <ClInclude Include="D:\River\Downloads\assimp-4.1.0\assimp-4.1.0\code\MDCFileData.h">
      <Filter>MDC</Filter>
    </ClInclude>
    <ClInclude Include="D:\River\Downloads\assimp-4.1.0\assimp-4.1.0\code\MDCLoader.h">
      <Filter>MDC</Filter>
    </ClInclude>
    <ClInclude Include="D:\River\Downloads\assimp-4.1.0\assimp-4.1.0\code\MDCNormalTable.h">
      <Filter>MDC</Filter>
    </ClInclude>
    <ClInclude Include="D:\River\Downloads\assimp-4.1.0\assimp-4.1.0\code\MDLDefaultColorMap.h">
      <Filter>MDL</Filter>
    </ClInclude>
    <ClInclude Include="D:\River\Downloads\assimp-4.1.0\assimp-4.1.0\code\MDLFileData.h">
      <Filter>MDL</Filter>
    </ClInclude>
    <ClInclude Include="D:\River\Downloads\assimp-4.1.0\assimp-4.1.0\code\MDLLoader.h">
      <Filter>MDL</Filter>
    </ClInclude>
    <ClInclude Include="D:\River\Downloads\assimp-4.1.0\assimp-4.1.0\code\NFFLoader.h">
      <Filter>NFF</Filter>
    </ClInclude>
    <ClInclude Include="D:\River\Downloads\assimp-4.1.0\assimp-4.1.0\code\NDOLoader.h">
      <Filter>NDO</Filter>
    </ClInclude>
    <ClInclude Include="D:\River\Downloads\assimp-4.1.0\assimp-4.1.0\code\OFFLoader.h">
      <Filter>OFF</Filter>
    </ClInclude>
    <ClInclude Include="D:\River\Downloads\assimp-4.1.0\assimp-4.1.0\code\ObjFileData.h">
      <Filter>OBJ</Filter>
    </ClInclude>
    <ClInclude Include="D:\River\Downloads\assimp-4.1.0\assimp-4.1.0\code\ObjFileImporter.h">
      <Filter>OBJ</Filter>
    </ClInclude>
    <ClInclude Include="D:\River\Downloads\assimp-4.1.0\assimp-4.1.0\code\ObjFileMtlImporter.h">
      <Filter>OBJ</Filter>
    </ClInclude>
    <ClInclude Include="D:\River\Downloads\assimp-4.1.0\assimp-4.1.0\code\ObjFileParser.h">
      <Filter>OBJ</Filter>
    </ClInclude>
    <ClInclude Include="D:\River\Downloads\assimp-4.1.0\assimp-4.1.0\code\ObjTools.h">
      <Filter>OBJ</Filter>
    </ClInclude>
    <ClInclude Include="D:\River\Downloads\assimp-4.1.0\assimp-4.1.0\code\ObjExporter.h">
      <Filter>OBJ</Filter>
    </ClInclude>
    <ClInclude Include="D:\River\Downloads\assimp-4.1.0\assimp-4.1.0\code\OgreImporter.h">
      <Filter>OGRE</Filter>
    </ClInclude>
    <ClInclude Include="D:\River\Downloads\assimp-4.1.0\assimp-4.1.0\code\OgreStructs.h">
      <Filter>OGRE</Filter>
    </ClInclude>
    <ClInclude Include="D:\River\Downloads\assimp-4.1.0\assimp-4.1.0\code\OgreParsingUtils.h">
      <Filter>OGRE</Filter>
    </ClInclude>
    <ClInclude Include="D:\River\Downloads\assimp-4.1.0\assimp-4.1.0\code\OgreBinarySerializer.h">
      <Filter>OGRE</Filter>
    </ClInclude>
    <ClInclude Include="D:\River\Downloads\assimp-4.1.0\assimp-4.1.0\code\OgreXmlSerializer.h">
      <Filter>OGRE</Filter>
    </ClInclude>
    <ClInclude Include="D:\River\Downloads\assimp-4.1.0\assimp-4.1.0\code\OpenGEXExporter.h">
      <Filter>OPENGEX</Filter>
    </ClInclude>
    <ClInclude Include="D:\River\Downloads\assimp-4.1.0\assimp-4.1.0\code\OpenGEXImporter.h">
      <Filter>OPENGEX</Filter>
    </ClInclude>
    <ClInclude Include="D:\River\Downloads\assimp-4.1.0\assimp-4.1.0\code\OpenGEXStructs.h">
      <Filter>OPENGEX</Filter>
    </ClInclude>
    <ClInclude Include="D:\River\Downloads\assimp-4.1.0\assimp-4.1.0\code\PlyLoader.h">
      <Filter>PLY</Filter>
    </ClInclude>
    <ClInclude Include="D:\River\Downloads\assimp-4.1.0\assimp-4.1.0\code\PlyParser.h">
      <Filter>PLY</Filter>
    </ClInclude>
    <ClInclude Include="D:\River\Downloads\assimp-4.1.0\assimp-4.1.0\code\PlyExporter.h">
      <Filter>PLY</Filter>
    </ClInclude>
    <ClInclude Include="D:\River\Downloads\assimp-4.1.0\assimp-4.1.0\code\MS3DLoader.h">
      <Filter>MS3D</Filter>
    </ClInclude>
    <ClInclude Include="D:\River\Downloads\assimp-4.1.0\assimp-4.1.0\code\COBLoader.h">
      <Filter>COB</Filter>
    </ClInclude>
    <ClInclude Include="D:\River\Downloads\assimp-4.1.0\assimp-4.1.0\code\COBScene.h">
      <Filter>COB</Filter>
    </ClInclude>
    <ClInclude Include="D:\River\Downloads\assimp-4.1.0\assimp-4.1.0\code\BlenderLoader.h">
      <Filter>BLEND</Filter>
    </ClInclude>
    <ClInclude Include="D:\River\Downloads\assimp-4.1.0\assimp-4.1.0\code\BlenderDNA.h">
      <Filter>BLEND</Filter>
    </ClInclude>
    <ClInclude Include="D:\River\Downloads\assimp-4.1.0\assimp-4.1.0\code\BlenderDNA.inl">
      <Filter>BLEND</Filter>
    </ClInclude>
    <ClInclude Include="D:\River\Downloads\assimp-4.1.0\assimp-4.1.0\code\BlenderScene.h">
      <Filter>BLEND</Filter>
    </ClInclude>
    <ClInclude Include="D:\River\Downloads\assimp-4.1.0\assimp-4.1.0\code\BlenderSceneGen.h">
      <Filter>BLEND</Filter>
    </ClInclude>
    <ClInclude Include="D:\River\Downloads\assimp-4.1.0\assimp-4.1.0\code\BlenderIntermediate.h">
      <Filter>BLEND</Filter>
    </ClInclude>
    <ClInclude Include="D:\River\Downloads\assimp-4.1.0\assimp-4.1.0\code\BlenderModifier.h">
      <Filter>BLEND</Filter>
    </ClInclude>
    <ClInclude Include="D:\River\Downloads\assimp-4.1.0\assimp-4.1.0\code\BlenderBMesh.h">
      <Filter>BLEND</Filter>
    </ClInclude>
    <ClInclude Include="D:\River\Downloads\assimp-4.1.0\assimp-4.1.0\code\BlenderTessellator.h">
      <Filter>BLEND</Filter>
    </ClInclude>
    <ClInclude Include="D:\River\Downloads\assimp-4.1.0\assimp-4.1.0\code\IFCLoader.h">
      <Filter>IFC</Filter>
    </ClInclude>
    <ClInclude Include="D:\River\Downloads\assimp-4.1.0\assimp-4.1.0\code\IFCReaderGen.h">
      <Filter>IFC</Filter>
    </ClInclude>
    <ClInclude Include="D:\River\Downloads\assimp-4.1.0\assimp-4.1.0\code\IFCUtil.h">
      <Filter>IFC</Filter>
    </ClInclude>
    <ClInclude Include="D:\River\Downloads\assimp-4.1.0\assimp-4.1.0\code\STEPFile.h">
      <Filter>IFC</Filter>
    </ClInclude>
    <ClInclude Include="D:\River\Downloads\assimp-4.1.0\assimp-4.1.0\code\STEPFileReader.h">
      <Filter>IFC</Filter>
    </ClInclude>
    <ClInclude Include="D:\River\Downloads\assimp-4.1.0\assimp-4.1.0\code\STEPFileEncoding.h">
      <Filter>IFC</Filter>
    </ClInclude>
    <ClInclude Include="D:\River\Downloads\assimp-4.1.0\assimp-4.1.0\code\XGLLoader.h">
      <Filter>XGL</Filter>
    </ClInclude>
    <ClInclude Include="D:\River\Downloads\assimp-4.1.0\assimp-4.1.0\code\FBXCompileConfig.h">
      <Filter>FBX</Filter>
    </ClInclude>
    <ClInclude Include="D:\River\Downloads\assimp-4.1.0\assimp-4.1.0\code\FBXImporter.h">
      <Filter>FBX</Filter>
    </ClInclude>
    <ClInclude Include="D:\River\Downloads\assimp-4.1.0\assimp-4.1.0\code\FBXParser.h">
      <Filter>FBX</Filter>
    </ClInclude>
    <ClInclude Include="D:\River\Downloads\assimp-4.1.0\assimp-4.1.0\code\FBXTokenizer.h">
      <Filter>FBX</Filter>
    </ClInclude>
    <ClInclude Include="D:\River\Downloads\assimp-4.1.0\assimp-4.1.0\code\FBXImportSettings.h">
      <Filter>FBX</Filter>
    </ClInclude>
    <ClInclude Include="D:\River\Downloads\assimp-4.1.0\assimp-4.1.0\code\FBXConverter.h">
      <Filter>FBX</Filter>
    </ClInclude>
    <ClInclude Include="D:\River\Downloads\assimp-4.1.0\assimp-4.1.0\code\FBXUtil.h">
      <Filter>FBX</Filter>
    </ClInclude>
    <ClInclude Include="D:\River\Downloads\assimp-4.1.0\assimp-4.1.0\code\FBXDocument.h">
      <Filter>FBX</Filter>
    </ClInclude>
    <ClInclude Include="D:\River\Downloads\assimp-4.1.0\assimp-4.1.0\code\FBXProperties.h">
      <Filter>FBX</Filter>
    </ClInclude>
    <ClInclude Include="D:\River\Downloads\assimp-4.1.0\assimp-4.1.0\code\FBXMeshGeometry.h">
      <Filter>FBX</Filter>
    </ClInclude>
    <ClInclude Include="D:\River\Downloads\assimp-4.1.0\assimp-4.1.0\code\Q3DLoader.h">
      <Filter>Q3D</Filter>
    </ClInclude>
    <ClInclude Include="D:\River\Downloads\assimp-4.1.0\assimp-4.1.0\code\Q3BSPFileData.h">
      <Filter>Q3BSP</Filter>
    </ClInclude>
    <ClInclude Include="D:\River\Downloads\assimp-4.1.0\assimp-4.1.0\code\Q3BSPFileParser.h">
      <Filter>Q3BSP</Filter>
    </ClInclude>
    <ClInclude Include="D:\River\Downloads\assimp-4.1.0\assimp-4.1.0\code\Q3BSPFileImporter.h">
      <Filter>Q3BSP</Filter>
    </ClInclude>
    <ClInclude Include="D:\River\Downloads\assimp-4.1.0\assimp-4.1.0\code\Q3BSPZipArchive.h">
      <Filter>Q3BSP</Filter>
    </ClInclude>
    <ClInclude Include="D:\River\Downloads\assimp-4.1.0\assimp-4.1.0\code\RawLoader.h">
      <Filter>RAW</Filter>
    </ClInclude>
    <ClInclude Include="D:\River\Downloads\assimp-4.1.0\assimp-4.1.0\code\SIBImporter.h">
      <Filter>SIB</Filter>
    </ClInclude>
    <ClInclude Include="D:\River\Downloads\assimp-4.1.0\assimp-4.1.0\code\SMDLoader.h">
      <Filter>SMD</Filter>
    </ClInclude>
    <ClInclude Include="D:\River\Downloads\assimp-4.1.0\assimp-4.1.0\code\STLLoader.h">
      <Filter>STL</Filter>
    </ClInclude>
    <ClInclude Include="D:\River\Downloads\assimp-4.1.0\assimp-4.1.0\code\STLExporter.h">
      <Filter>STL</Filter>
    </ClInclude>
    <ClInclude Include="D:\River\Downloads\assimp-4.1.0\assimp-4.1.0\code\TerragenLoader.h">
      <Filter>TERRAGEN</Filter>
    </ClInclude>
    <ClInclude Include="D:\River\Downloads\assimp-4.1.0\assimp-4.1.0\code\UnrealLoader.h">
      <Filter>3D</Filter>
    </ClInclude>
    <ClInclude Include="D:\River\Downloads\assimp-4.1.0\assimp-4.1.0\code\XFileHelper.h">
      <Filter>X</Filter>
    </ClInclude>
    <ClInclude Include="D:\River\Downloads\assimp-4.1.0\assimp-4.1.0\code\XFileImporter.h">
      <Filter>X</Filter>
    </ClInclude>
    <ClInclude Include="D:\River\Downloads\assimp-4.1.0\assimp-4.1.0\code\XFileParser.h">
      <Filter>X</Filter>
    </ClInclude>
    <ClInclude Include="D:\River\Downloads\assimp-4.1.0\assimp-4.1.0\code\XFileExporter.h">
      <Filter>X</Filter>
    </ClInclude>
    <ClInclude Include="D:\River\Downloads\assimp-4.1.0\assimp-4.1.0\code\X3DExporter.hpp">
      <Filter>X3D</Filter>
    </ClInclude>
    <ClInclude Include="D:\River\Downloads\assimp-4.1.0\assimp-4.1.0\code\X3DImporter.hpp">
      <Filter>X3D</Filter>
    </ClInclude>
    <ClInclude Include="D:\River\Downloads\assimp-4.1.0\assimp-4.1.0\code\X3DImporter_Macro.hpp">
      <Filter>X3D</Filter>
    </ClInclude>
    <ClInclude Include="D:\River\Downloads\assimp-4.1.0\assimp-4.1.0\code\X3DImporter_Node.hpp">
      <Filter>X3D</Filter>
    </ClInclude>
    <ClInclude Include="D:\River\Downloads\assimp-4.1.0\assimp-4.1.0\code\FIReader.hpp">
      <Filter>X3D</Filter>
    </ClInclude>
    <ClInclude Include="D:\River\Downloads\assimp-4.1.0\assimp-4.1.0\code\glTFAsset.h">
      <Filter>GLTF</Filter>
    </ClInclude>
    <ClInclude Include="D:\River\Downloads\assimp-4.1.0\assimp-4.1.0\code\glTFAsset.inl">
      <Filter>GLTF</Filter>
    </ClInclude>
    <ClInclude Include="D:\River\Downloads\assimp-4.1.0\assimp-4.1.0\code\glTFAssetWriter.h">
      <Filter>GLTF</Filter>
    </ClInclude>
    <ClInclude Include="D:\River\Downloads\assimp-4.1.0\assimp-4.1.0\code\glTFAssetWriter.inl">
      <Filter>GLTF</Filter>
    </ClInclude>
    <ClInclude Include="D:\River\Downloads\assimp-4.1.0\assimp-4.1.0\code\glTFImporter.h">
      <Filter>GLTF</Filter>
    </ClInclude>
    <ClInclude Include="D:\River\Downloads\assimp-4.1.0\assimp-4.1.0\code\glTFExporter.h">
      <Filter>GLTF</Filter>
    </ClInclude>
    <ClInclude Include="D:\River\Downloads\assimp-4.1.0\assimp-4.1.0\code\glTF2Asset.h">
      <Filter>GLTF</Filter>
    </ClInclude>
    <ClInclude Include="D:\River\Downloads\assimp-4.1.0\assimp-4.1.0\code\glTF2Asset.inl">
      <Filter>GLTF</Filter>
    </ClInclude>
    <ClInclude Include="D:\River\Downloads\assimp-4.1.0\assimp-4.1.0\code\glTF2AssetWriter.h">
      <Filter>GLTF</Filter>
    </ClInclude>
    <ClInclude Include="D:\River\Downloads\assimp-4.1.0\assimp-4.1.0\code\glTF2AssetWriter.inl">
      <Filter>GLTF</Filter>
    </ClInclude>
    <ClInclude Include="D:\River\Downloads\assimp-4.1.0\assimp-4.1.0\code\glTF2Importer.h">
      <Filter>GLTF</Filter>
    </ClInclude>
    <ClInclude Include="D:\River\Downloads\assimp-4.1.0\assimp-4.1.0\code\glTF2Exporter.h">
      <Filter>GLTF</Filter>
    </ClInclude>
    <ClInclude Include="D:\River\Downloads\assimp-4.1.0\assimp-4.1.0\code\D3MFImporter.h">
      <Filter>3MF</Filter>
    </ClInclude>
    <ClInclude Include="D:\River\Downloads\assimp-4.1.0\assimp-4.1.0\code\D3MFExporter.h">
      <Filter>3MF</Filter>
    </ClInclude>
    <ClInclude Include="D:\River\Downloads\assimp-4.1.0\assimp-4.1.0\code\D3MFOpcPackage.h">
      <Filter>3MF</Filter>
    </ClInclude>
    <ClInclude Include="D:\River\Downloads\assimp-4.1.0\assimp-4.1.0\code\3MFXmlTags.h">
      <Filter>3MF</Filter>
    </ClInclude>
    <ClInclude Include="D:\River\Downloads\assimp-4.1.0\assimp-4.1.0\code\MMDCpp14.h">
      <Filter>MMD</Filter>
    </ClInclude>
    <ClInclude Include="D:\River\Downloads\assimp-4.1.0\assimp-4.1.0\code\MMDImporter.h">
      <Filter>MMD</Filter>
    </ClInclude>
    <ClInclude Include="D:\River\Downloads\assimp-4.1.0\assimp-4.1.0\code\MMDPmdParser.h">
      <Filter>MMD</Filter>
    </ClInclude>
    <ClInclude Include="D:\River\Downloads\assimp-4.1.0\assimp-4.1.0\code\MMDPmxParser.h">
      <Filter>MMD</Filter>
    </ClInclude>
    <ClInclude Include="D:\River\Downloads\assimp-4.1.0\assimp-4.1.0\code\MMDVmdParser.h">
      <Filter>MMD</Filter>
    </ClInclude>
    <ClInclude Include="D:\River\Downloads\assimp-4.1.0\assimp-4.1.0\code\irrXMLWrapper.h">
      <Filter>IrrXML</Filter>
    </ClInclude>
    <ClInclude Include="D:\River\Downloads\assimp-4.1.0\assimp-4.1.0\contrib\unzip\crypt.h">
      <Filter>unzip</Filter>
    </ClInclude>
    <ClInclude Include="D:\River\Downloads\assimp-4.1.0\assimp-4.1.0\contrib\unzip\ioapi.h">
      <Filter>unzip</Filter>
    </ClInclude>
    <ClInclude Include="D:\River\Downloads\assimp-4.1.0\assimp-4.1.0\contrib\unzip\unzip.h">
      <Filter>unzip</Filter>
    </ClInclude>
    <ClInclude Include="D:\River\Downloads\assimp-4.1.0\assimp-4.1.0\contrib\poly2tri\poly2tri\common\shapes.h">
      <Filter>Poly2Tri</Filter>
    </ClInclude>
    <ClInclude Include="D:\River\Downloads\assimp-4.1.0\assimp-4.1.0\contrib\poly2tri\poly2tri\common\utils.h">
      <Filter>Poly2Tri</Filter>
    </ClInclude>
    <ClInclude Include="D:\River\Downloads\assimp-4.1.0\assimp-4.1.0\contrib\poly2tri\poly2tri\sweep\advancing_front.h">
      <Filter>Poly2Tri</Filter>
    </ClInclude>
    <ClInclude Include="D:\River\Downloads\assimp-4.1.0\assimp-4.1.0\contrib\poly2tri\poly2tri\sweep\cdt.h">
      <Filter>Poly2Tri</Filter>
    </ClInclude>
    <ClInclude Include="D:\River\Downloads\assimp-4.1.0\assimp-4.1.0\contrib\poly2tri\poly2tri\sweep\sweep.h">
      <Filter>Poly2Tri</Filter>
    </ClInclude>
    <ClInclude Include="D:\River\Downloads\assimp-4.1.0\assimp-4.1.0\contrib\poly2tri\poly2tri\sweep\sweep_context.h">
      <Filter>Poly2Tri</Filter>
    </ClInclude>
    <ClInclude Include="D:\River\Downloads\assimp-4.1.0\assimp-4.1.0\contrib\clipper\clipper.hpp">
      <Filter>Clipper</Filter>
    </ClInclude>
    <ClInclude Include="D:\River\Downloads\assimp-4.1.0\assimp-4.1.0\contrib\openddlparser\include\openddlparser\OpenDDLParser.h">
      <Filter>openddl_parser</Filter>
    </ClInclude>
    <ClInclude Include="D:\River\Downloads\assimp-4.1.0\assimp-4.1.0\contrib\openddlparser\include\openddlparser\OpenDDLParserUtils.h">
      <Filter>openddl_parser</Filter>
    </ClInclude>
    <ClInclude Include="D:\River\Downloads\assimp-4.1.0\assimp-4.1.0\contrib\openddlparser\include\openddlparser\OpenDDLCommon.h">
      <Filter>openddl_parser</Filter>
    </ClInclude>
    <ClInclude Include="D:\River\Downloads\assimp-4.1.0\assimp-4.1.0\contrib\openddlparser\include\openddlparser\OpenDDLExport.h">
      <Filter>openddl_parser</Filter>
    </ClInclude>
    <ClInclude Include="D:\River\Downloads\assimp-4.1.0\assimp-4.1.0\contrib\openddlparser\include\openddlparser\OpenDDLStream.h">
      <Filter>openddl_parser</Filter>
    </ClInclude>
    <ClInclude Include="D:\River\Downloads\assimp-4.1.0\assimp-4.1.0\contrib\openddlparser\include\openddlparser\DDLNode.h">
      <Filter>openddl_parser</Filter>
    </ClInclude>
    <ClInclude Include="D:\River\Downloads\assimp-4.1.0\assimp-4.1.0\contrib\openddlparser\include\openddlparser\Value.h">
      <Filter>openddl_parser</Filter>
    </ClInclude>
    <ClInclude Include="D:\River\Downloads\assimp-4.1.0\assimp-4.1.0\contrib\Open3DGC\o3dgcAdjacencyInfo.h">
      <Filter>open3dgc</Filter>
    </ClInclude>
    <ClInclude Include="D:\River\Downloads\assimp-4.1.0\assimp-4.1.0\contrib\Open3DGC\o3dgcArithmeticCodec.h">
      <Filter>open3dgc</Filter>
    </ClInclude>
    <ClInclude Include="D:\River\Downloads\assimp-4.1.0\assimp-4.1.0\contrib\Open3DGC\o3dgcBinaryStream.h">
      <Filter>open3dgc</Filter>
    </ClInclude>
    <ClInclude Include="D:\River\Downloads\assimp-4.1.0\assimp-4.1.0\contrib\Open3DGC\o3dgcCommon.h">
      <Filter>open3dgc</Filter>
    </ClInclude>
    <ClInclude Include="D:\River\Downloads\assimp-4.1.0\assimp-4.1.0\contrib\Open3DGC\o3dgcDVEncodeParams.h">
      <Filter>open3dgc</Filter>
    </ClInclude>
    <ClInclude Include="D:\River\Downloads\assimp-4.1.0\assimp-4.1.0\contrib\Open3DGC\o3dgcDynamicVectorDecoder.h">
      <Filter>open3dgc</Filter>
    </ClInclude>
    <ClInclude Include="D:\River\Downloads\assimp-4.1.0\assimp-4.1.0\contrib\Open3DGC\o3dgcDynamicVectorEncoder.h">
      <Filter>open3dgc</Filter>
    </ClInclude>
    <ClInclude Include="D:\River\Downloads\assimp-4.1.0\assimp-4.1.0\contrib\Open3DGC\o3dgcDynamicVector.h">
      <Filter>open3dgc</Filter>
    </ClInclude>
    <ClInclude Include="D:\River\Downloads\assimp-4.1.0\assimp-4.1.0\contrib\Open3DGC\o3dgcFIFO.h">
      <Filter>open3dgc</Filter>
    </ClInclude>
    <ClInclude Include="D:\River\Downloads\assimp-4.1.0\assimp-4.1.0\contrib\Open3DGC\o3dgcIndexedFaceSet.h">
      <Filter>open3dgc</Filter>
    </ClInclude>
    <ClInclude Include="D:\River\Downloads\assimp-4.1.0\assimp-4.1.0\contrib\Open3DGC\o3dgcIndexedFaceSet.inl">
      <Filter>open3dgc</Filter>
    </ClInclude>
    <ClInclude Include="D:\River\Downloads\assimp-4.1.0\assimp-4.1.0\contrib\Open3DGC\o3dgcSC3DMCDecoder.h">
      <Filter>open3dgc</Filter>
    </ClInclude>
    <ClInclude Include="D:\River\Downloads\assimp-4.1.0\assimp-4.1.0\contrib\Open3DGC\o3dgcSC3DMCDecoder.inl">
      <Filter>open3dgc</Filter>
    </ClInclude>
    <ClInclude Include="D:\River\Downloads\assimp-4.1.0\assimp-4.1.0\contrib\Open3DGC\o3dgcSC3DMCEncodeParams.h">
      <Filter>open3dgc</Filter>
    </ClInclude>
    <ClInclude Include="D:\River\Downloads\assimp-4.1.0\assimp-4.1.0\contrib\Open3DGC\o3dgcSC3DMCEncoder.h">
      <Filter>open3dgc</Filter>
    </ClInclude>
    <ClInclude Include="D:\River\Downloads\assimp-4.1.0\assimp-4.1.0\contrib\Open3DGC\o3dgcSC3DMCEncoder.inl">
      <Filter>open3dgc</Filter>
    </ClInclude>
    <ClInclude Include="D:\River\Downloads\assimp-4.1.0\assimp-4.1.0\contrib\Open3DGC\o3dgcTimer.h">
      <Filter>open3dgc</Filter>
    </ClInclude>
    <ClInclude Include="D:\River\Downloads\assimp-4.1.0\assimp-4.1.0\contrib\Open3DGC\o3dgcTriangleFans.h">
      <Filter>open3dgc</Filter>
    </ClInclude>
    <ClInclude Include="D:\River\Downloads\assimp-4.1.0\assimp-4.1.0\contrib\Open3DGC\o3dgcTriangleListDecoder.h">
      <Filter>open3dgc</Filter>
    </ClInclude>
    <ClInclude Include="D:\River\Downloads\assimp-4.1.0\assimp-4.1.0\contrib\Open3DGC\o3dgcTriangleListDecoder.inl">
      <Filter>open3dgc</Filter>
    </ClInclude>
    <ClInclude Include="D:\River\Downloads\assimp-4.1.0\assimp-4.1.0\contrib\Open3DGC\o3dgcTriangleListEncoder.h">
      <Filter>open3dgc</Filter>
    </ClInclude>
    <ClInclude Include="D:\River\Downloads\assimp-4.1.0\assimp-4.1.0\contrib\Open3DGC\o3dgcTriangleListEncoder.inl">
      <Filter>open3dgc</Filter>
    </ClInclude>
    <ClInclude Include="D:\River\Downloads\assimp-4.1.0\assimp-4.1.0\contrib\Open3DGC\o3dgcVector.h">
      <Filter>open3dgc</Filter>
    </ClInclude>
    <ClInclude Include="D:\River\Downloads\assimp-4.1.0\assimp-4.1.0\contrib\Open3DGC\o3dgcVector.inl">
      <Filter>open3dgc</Filter>
    </ClInclude>
    <ClInclude Include="D:\River\Downloads\assimp-4.1.0\assimp-4.1.0\contrib\zip\src\miniz.h">
      <Filter>ziplib</Filter>
    </ClInclude>
    <ClInclude Include="D:\River\Downloads\assimp-4.1.0\assimp-4.1.0\contrib\zip\src\zip.h">
      <Filter>ziplib</Filter>
    </ClInclude>
    <ClInclude Include="D:\River\Downloads\assimp-4.1.0\assimp-4.1.0\include\assimp\anim.h">
      <Filter>Header Files</Filter>
    </ClInclude>
    <ClInclude Include="D:\River\Downloads\assimp-4.1.0\assimp-4.1.0\include\assimp\ai_assert.h">
      <Filter>Header Files</Filter>
    </ClInclude>
    <ClInclude Include="D:\River\Downloads\assimp-4.1.0\assimp-4.1.0\include\assimp\camera.h">
      <Filter>Header Files</Filter>
    </ClInclude>
    <ClInclude Include="D:\River\Downloads\assimp-4.1.0\assimp-4.1.0\include\assimp\color4.h">
      <Filter>Header Files</Filter>
    </ClInclude>
    <ClInclude Include="D:\River\Downloads\assimp-4.1.0\assimp-4.1.0\include\assimp\color4.inl">
      <Filter>Header Files</Filter>
    </ClInclude>
    <ClInclude Include="D:\River\Downloads\assimp-4.1.0\x64\include\assimp\config.h">
      <Filter>Header Files</Filter>
    </ClInclude>
    <ClInclude Include="D:\River\Downloads\assimp-4.1.0\assimp-4.1.0\include\assimp\defs.h">
      <Filter>Header Files</Filter>
    </ClInclude>
    <ClInclude Include="D:\River\Downloads\assimp-4.1.0\assimp-4.1.0\include\assimp\Defines.h">
      <Filter>Header Files</Filter>
    </ClInclude>
    <ClInclude Include="D:\River\Downloads\assimp-4.1.0\assimp-4.1.0\include\assimp\cfileio.h">
      <Filter>Header Files</Filter>
    </ClInclude>
    <ClInclude Include="D:\River\Downloads\assimp-4.1.0\assimp-4.1.0\include\assimp\light.h">
      <Filter>Header Files</Filter>
    </ClInclude>
    <ClInclude Include="D:\River\Downloads\assimp-4.1.0\assimp-4.1.0\include\assimp\material.h">
      <Filter>Header Files</Filter>
    </ClInclude>
    <ClInclude Include="D:\River\Downloads\assimp-4.1.0\assimp-4.1.0\include\assimp\material.inl">
      <Filter>Header Files</Filter>
    </ClInclude>
    <ClInclude Include="D:\River\Downloads\assimp-4.1.0\assimp-4.1.0\include\assimp\matrix3x3.h">
      <Filter>Header Files</Filter>
    </ClInclude>
    <ClInclude Include="D:\River\Downloads\assimp-4.1.0\assimp-4.1.0\include\assimp\matrix3x3.inl">
      <Filter>Header Files</Filter>
    </ClInclude>
    <ClInclude Include="D:\River\Downloads\assimp-4.1.0\assimp-4.1.0\include\assimp\matrix4x4.h">
      <Filter>Header Files</Filter>
    </ClInclude>
    <ClInclude Include="D:\River\Downloads\assimp-4.1.0\assimp-4.1.0\include\assimp\matrix4x4.inl">
      <Filter>Header Files</Filter>
    </ClInclude>
    <ClInclude Include="D:\River\Downloads\assimp-4.1.0\assimp-4.1.0\include\assimp\mesh.h">
      <Filter>Header Files</Filter>
    </ClInclude>
    <ClInclude Include="D:\River\Downloads\assimp-4.1.0\assimp-4.1.0\include\assimp\postprocess.h">
      <Filter>Header Files</Filter>
    </ClInclude>
    <ClInclude Include="D:\River\Downloads\assimp-4.1.0\assimp-4.1.0\include\assimp\quaternion.h">
      <Filter>Header Files</Filter>
    </ClInclude>
    <ClInclude Include="D:\River\Downloads\assimp-4.1.0\assimp-4.1.0\include\assimp\quaternion.inl">
      <Filter>Header Files</Filter>
    </ClInclude>
    <ClInclude Include="D:\River\Downloads\assimp-4.1.0\assimp-4.1.0\include\assimp\scene.h">
      <Filter>Header Files</Filter>
    </ClInclude>
    <ClInclude Include="D:\River\Downloads\assimp-4.1.0\assimp-4.1.0\include\assimp\metadata.h">
      <Filter>Header Files</Filter>
    </ClInclude>
    <ClInclude Include="D:\River\Downloads\assimp-4.1.0\assimp-4.1.0\include\assimp\texture.h">
      <Filter>Header Files</Filter>
    </ClInclude>
    <ClInclude Include="D:\River\Downloads\assimp-4.1.0\assimp-4.1.0\include\assimp\types.h">
      <Filter>Header Files</Filter>
    </ClInclude>
    <ClInclude Include="D:\River\Downloads\assimp-4.1.0\assimp-4.1.0\include\assimp\vector2.h">
      <Filter>Header Files</Filter>
    </ClInclude>
    <ClInclude Include="D:\River\Downloads\assimp-4.1.0\assimp-4.1.0\include\assimp\vector2.inl">
      <Filter>Header Files</Filter>
    </ClInclude>
    <ClInclude Include="D:\River\Downloads\assimp-4.1.0\assimp-4.1.0\include\assimp\vector3.h">
      <Filter>Header Files</Filter>
    </ClInclude>
    <ClInclude Include="D:\River\Downloads\assimp-4.1.0\assimp-4.1.0\include\assimp\vector3.inl">
      <Filter>Header Files</Filter>
    </ClInclude>
    <ClInclude Include="D:\River\Downloads\assimp-4.1.0\assimp-4.1.0\include\assimp\version.h">
      <Filter>Header Files</Filter>
    </ClInclude>
    <ClInclude Include="D:\River\Downloads\assimp-4.1.0\assimp-4.1.0\include\assimp\cimport.h">
      <Filter>Header Files</Filter>
    </ClInclude>
    <ClInclude Include="D:\River\Downloads\assimp-4.1.0\assimp-4.1.0\include\assimp\importerdesc.h">
      <Filter>Header Files</Filter>
    </ClInclude>
    <ClInclude Include="D:\River\Downloads\assimp-4.1.0\assimp-4.1.0\include\assimp\Importer.hpp">
      <Filter>Header Files</Filter>
    </ClInclude>
    <ClInclude Include="D:\River\Downloads\assimp-4.1.0\assimp-4.1.0\include\assimp\ProgressHandler.hpp">
      <Filter>Header Files</Filter>
    </ClInclude>
    <ClInclude Include="D:\River\Downloads\assimp-4.1.0\assimp-4.1.0\include\assimp\IOStream.hpp">
      <Filter>Header Files</Filter>
    </ClInclude>
    <ClInclude Include="D:\River\Downloads\assimp-4.1.0\assimp-4.1.0\include\assimp\IOSystem.hpp">
      <Filter>Header Files</Filter>
    </ClInclude>
    <ClInclude Include="D:\River\Downloads\assimp-4.1.0\assimp-4.1.0\include\assimp\cexport.h">
      <Filter>Header Files</Filter>
    </ClInclude>
    <ClInclude Include="D:\River\Downloads\assimp-4.1.0\assimp-4.1.0\include\assimp\Exporter.hpp">
      <Filter>Header Files</Filter>
    </ClInclude>
    <ClInclude Include="D:\River\Downloads\assimp-4.1.0\assimp-4.1.0\include\assimp\DefaultIOStream.h">
      <Filter>Header Files</Filter>
    </ClInclude>
    <ClInclude Include="D:\River\Downloads\assimp-4.1.0\assimp-4.1.0\include\assimp\DefaultIOSystem.h">
      <Filter>Header Files</Filter>
    </ClInclude>
    <ClInclude Include="D:\River\Downloads\assimp-4.1.0\assimp-4.1.0\include\assimp\SceneCombiner.h">
      <Filter>Header Files</Filter>
    </ClInclude>
    <ClInclude Include="D:\River\Downloads\assimp-4.1.0\assimp-4.1.0\include\assimp\Compiler\pushpack1.h">
      <Filter>Compiler</Filter>
    </ClInclude>
    <ClInclude Include="D:\River\Downloads\assimp-4.1.0\assimp-4.1.0\include\assimp\Compiler\poppack1.h">
      <Filter>Compiler</Filter>
    </ClInclude>
    <ClInclude Include="D:\River\Downloads\assimp-4.1.0\assimp-4.1.0\include\assimp\Compiler\pstdint.h">
      <Filter>Compiler</Filter>
    </ClInclude>
  </ItemGroup>
  <ItemGroup>
    <CustomBuild Include="D:\River\Downloads\assimp-4.1.0\assimp-4.1.0\code\CMakeLists.txt" />
  </ItemGroup>
  <ItemGroup>
    <Filter Include="3D">
      <UniqueIdentifier>{C1DE53A9-752A-323A-A23A-F1468797150F}</UniqueIdentifier>
    </Filter>
    <Filter Include="3DS">
      <UniqueIdentifier>{5E2258B2-2102-3F8E-B274-DF9297D66760}</UniqueIdentifier>
    </Filter>
    <Filter Include="3MF">
      <UniqueIdentifier>{9AD47640-15F7-3752-9224-24CF1199D24C}</UniqueIdentifier>
    </Filter>
    <Filter Include="AC">
      <UniqueIdentifier>{822B2D36-1F52-3F49-B1E6-6E61D344B87B}</UniqueIdentifier>
    </Filter>
    <Filter Include="AMF">
      <UniqueIdentifier>{16E0BA85-50F3-3133-BAD9-E8147E529599}</UniqueIdentifier>
    </Filter>
    <Filter Include="ASE">
      <UniqueIdentifier>{A83F8539-881F-3C8D-90C6-7AF61CE7CF7D}</UniqueIdentifier>
    </Filter>
    <Filter Include="ASSBIN">
      <UniqueIdentifier>{DE12881E-AC8E-3E30-95D3-5F19D2FB397C}</UniqueIdentifier>
    </Filter>
    <Filter Include="ASSXML">
      <UniqueIdentifier>{C23B938A-9B5C-393B-B6D7-2EC63C1D606F}</UniqueIdentifier>
    </Filter>
    <Filter Include="B3D">
      <UniqueIdentifier>{F4F45AF5-9358-3061-AE2F-8E01CB4A0E52}</UniqueIdentifier>
    </Filter>
    <Filter Include="BLEND">
      <UniqueIdentifier>{FA4E270C-5BD0-3A49-85BD-B88FA7629813}</UniqueIdentifier>
    </Filter>
    <Filter Include="BVH">
      <UniqueIdentifier>{0F5E24D7-160B-3DD5-ADE9-F9E561F9D0DA}</UniqueIdentifier>
    </Filter>
    <Filter Include="COB">
      <UniqueIdentifier>{265A01DF-5E4C-36D5-B687-8C7C97A1221D}</UniqueIdentifier>
    </Filter>
    <Filter Include="COLLADA">
      <UniqueIdentifier>{E9AB5EC9-E807-3880-BEE8-6BBA33C001DD}</UniqueIdentifier>
    </Filter>
    <Filter Include="CSM">
      <UniqueIdentifier>{3CACE01A-4609-3D10-91D8-6AC222570D18}</UniqueIdentifier>
    </Filter>
    <Filter Include="Clipper">
      <UniqueIdentifier>{F51D9641-FFF9-35E5-ABE6-744E22D852C6}</UniqueIdentifier>
    </Filter>
    <Filter Include="Common">
      <UniqueIdentifier>{4D81F0E4-B4A5-3F00-BC4D-0A73EF87AD37}</UniqueIdentifier>
    </Filter>
    <Filter Include="Compiler">
      <UniqueIdentifier>{434A2B9B-DAFA-34D7-934C-5DFABE176CEA}</UniqueIdentifier>
    </Filter>
    <Filter Include="DXF">
      <UniqueIdentifier>{B4ABE2C9-47FA-3B42-8692-C7679BD96546}</UniqueIdentifier>
    </Filter>
    <Filter Include="Exporter">
      <UniqueIdentifier>{79482C2D-7752-3594-9BD5-DA4B07ACB70C}</UniqueIdentifier>
    </Filter>
    <Filter Include="FBX">
      <UniqueIdentifier>{8387CDF9-4BA3-31FF-80BA-F3D9899BE9D3}</UniqueIdentifier>
    </Filter>
    <Filter Include="GLTF">
      <UniqueIdentifier>{A7FACD3C-E9E1-31D3-A19F-D6D7ABC497CB}</UniqueIdentifier>
    </Filter>
    <Filter Include="HMP">
      <UniqueIdentifier>{317392B2-41D7-3AF0-9D31-C2862ABC031C}</UniqueIdentifier>
    </Filter>
    <Filter Include="Header Files">
      <UniqueIdentifier>{F9758F43-539F-3FA0-9A12-B86E31922B01}</UniqueIdentifier>
    </Filter>
    <Filter Include="IFC">
      <UniqueIdentifier>{FDEA27EE-1DD5-3701-94D8-DB2189FE83A5}</UniqueIdentifier>
    </Filter>
    <Filter Include="IRR">
      <UniqueIdentifier>{10FD50FE-38B0-3B8B-AF92-EAB343E6396D}</UniqueIdentifier>
    </Filter>
    <Filter Include="IRRMESH">
      <UniqueIdentifier>{B361EFF7-0ADC-33A8-AD78-0C5DF5DAB391}</UniqueIdentifier>
    </Filter>
    <Filter Include="IrrXML">
      <UniqueIdentifier>{809D9442-E8B5-394A-918E-2CF51D0DDF81}</UniqueIdentifier>
    </Filter>
    <Filter Include="LWO">
      <UniqueIdentifier>{BA09F7CD-6090-35BA-B792-855B0F71190A}</UniqueIdentifier>
    </Filter>
    <Filter Include="LWS">
      <UniqueIdentifier>{FA643D80-EB38-38B8-952A-3DACC0B15417}</UniqueIdentifier>
    </Filter>
    <Filter Include="Logging">
      <UniqueIdentifier>{52D05716-0801-3EE0-B764-344C580900FF}</UniqueIdentifier>
    </Filter>
    <Filter Include="MD2">
      <UniqueIdentifier>{E8A4876B-7210-32AD-B4E2-5C45D506C67C}</UniqueIdentifier>
    </Filter>
    <Filter Include="MD3">
      <UniqueIdentifier>{8E934448-F5DB-3887-BB58-893952AE2B5A}</UniqueIdentifier>
    </Filter>
    <Filter Include="MD5">
      <UniqueIdentifier>{B825C971-114A-324E-BC4C-92DB0576B877}</UniqueIdentifier>
    </Filter>
    <Filter Include="MDC">
      <UniqueIdentifier>{79F495B6-0EE5-362F-A822-8AAD69462EFC}</UniqueIdentifier>
    </Filter>
    <Filter Include="MDL">
      <UniqueIdentifier>{9DA3C650-4C65-37E8-822A-4964607E6C73}</UniqueIdentifier>
    </Filter>
    <Filter Include="MMD">
      <UniqueIdentifier>{D804107E-7D46-372D-97FC-956783BAE9FE}</UniqueIdentifier>
    </Filter>
    <Filter Include="MS3D">
      <UniqueIdentifier>{C1D13C01-1318-3DAE-AFDD-0CCA3AD36AAE}</UniqueIdentifier>
    </Filter>
    <Filter Include="MaterialSystem">
      <UniqueIdentifier>{0D16EF17-99FC-3C08-BCF1-FE4A8524C195}</UniqueIdentifier>
    </Filter>
    <Filter Include="NDO">
      <UniqueIdentifier>{11BB181F-52A6-3568-83EA-CAACE748BAEA}</UniqueIdentifier>
    </Filter>
    <Filter Include="NFF">
      <UniqueIdentifier>{7DF4F206-8436-3851-9FD1-49202879A1E3}</UniqueIdentifier>
    </Filter>
    <Filter Include="OBJ">
      <UniqueIdentifier>{31A6583E-98D8-3279-BB1E-9A3F690A034E}</UniqueIdentifier>
    </Filter>
    <Filter Include="OFF">
      <UniqueIdentifier>{74D5CE01-8E39-3800-9C24-47A25070D0C1}</UniqueIdentifier>
    </Filter>
    <Filter Include="OGRE">
      <UniqueIdentifier>{4F33FBC7-12DD-3E4A-AFAB-1258F2D1BF72}</UniqueIdentifier>
    </Filter>
    <Filter Include="OPENGEX">
      <UniqueIdentifier>{49682306-729E-3B0B-8738-B270C24511E6}</UniqueIdentifier>
    </Filter>
    <Filter Include="PLY">
      <UniqueIdentifier>{040BD7D4-02D9-3E8D-93B5-EEDA6B2B205C}</UniqueIdentifier>
    </Filter>
    <Filter Include="Poly2Tri">
      <UniqueIdentifier>{28C42CAE-9902-3B27-A1A6-4998EA20EE3C}</UniqueIdentifier>
    </Filter>
    <Filter Include="PostProcessing">
      <UniqueIdentifier>{844D8DF4-B3BD-326D-851A-68E4426CA9D3}</UniqueIdentifier>
    </Filter>
    <Filter Include="Q3BSP">
      <UniqueIdentifier>{E39248D5-17F1-3BD4-A895-3338B397B255}</UniqueIdentifier>
    </Filter>
    <Filter Include="Q3D">
      <UniqueIdentifier>{8E94B352-68E4-3632-A580-70C195FCD93C}</UniqueIdentifier>
    </Filter>
    <Filter Include="RAW">
      <UniqueIdentifier>{3D5D04EE-792B-318E-9175-A21AFB51C604}</UniqueIdentifier>
    </Filter>
    <Filter Include="SIB">
      <UniqueIdentifier>{618BBB72-7EF7-35A8-88C2-A7E82EF275B3}</UniqueIdentifier>
    </Filter>
    <Filter Include="SMD">
      <UniqueIdentifier>{D43B395D-1A5F-3BAA-A723-DB5B56ED16EB}</UniqueIdentifier>
    </Filter>
    <Filter Include="STL">
      <UniqueIdentifier>{7BE8870C-5CF3-368A-80F3-249400CB1224}</UniqueIdentifier>
    </Filter>
    <Filter Include="Source Files">
      <UniqueIdentifier>{7970DB94-F31B-38E1-A8B5-EE3F98D6F7E4}</UniqueIdentifier>
    </Filter>
    <Filter Include="Step">
      <UniqueIdentifier>{D546117C-76BA-3432-B6E9-BE2F8192D5CB}</UniqueIdentifier>
    </Filter>
    <Filter Include="TERRAGEN">
      <UniqueIdentifier>{D5A7E76B-4D44-39C7-884C-3F2367195441}</UniqueIdentifier>
    </Filter>
    <Filter Include="X">
      <UniqueIdentifier>{6C54F9E6-EDEF-307D-B4C0-4E1BB3C9E9BA}</UniqueIdentifier>
    </Filter>
    <Filter Include="X3D">
      <UniqueIdentifier>{A60ED6E4-D9C6-32D3-ACFB-CB6DF67BB91B}</UniqueIdentifier>
    </Filter>
    <Filter Include="XGL">
      <UniqueIdentifier>{358CDAE5-3B08-3381-89D9-05582F70430E}</UniqueIdentifier>
    </Filter>
    <Filter Include="open3dgc">
      <UniqueIdentifier>{0E5DA993-3661-3E2A-B142-2083CDD8D503}</UniqueIdentifier>
    </Filter>
    <Filter Include="openddl_parser">
      <UniqueIdentifier>{2569177D-A2D2-392A-B600-37969EA5EC66}</UniqueIdentifier>
    </Filter>
    <Filter Include="unzip">
      <UniqueIdentifier>{C0C57B84-4D60-3247-BCB5-5CE0E2EB58E2}</UniqueIdentifier>
    </Filter>
    <Filter Include="ziplib">
      <UniqueIdentifier>{F670EBA8-3E29-36FB-BC82-4C60890B5091}</UniqueIdentifier>
    </Filter>
  </ItemGroup>
</Project>
