Microsoft Visual Studio Solution File, Format Version 12.00
# Visual Studio 15
Project("{8BC9CEB8-8B4A-11D0-8D11-00A0C91BC942}") = "ALL_BUILD", "ALL_BUILD.vcxproj", "{C3756C4A-C350-3C2D-B9DF-99B00A5B2687}"
	ProjectSection(ProjectDependencies) = postProject
		{DCF6B920-0386-3DC3-B68C-C4D94270EB36} = {DCF6B920-0386-3DC3-B68C-C4D94270EB36}
		{C423FD07-FF22-3C32-A2AF-20882B09D717} = {C423FD07-FF22-3C32-A2AF-20882B09D717}
		{09B58E6F-5BBB-3099-BEBB-EA5BCBBAD632} = {09B58E6F-5BBB-3099-BEBB-EA5BCBBAD632}
		{65DD450B-233F-3A82-8335-BBFA786E9283} = {65DD450B-233F-3A82-8335-BBFA786E9283}
		{A3CC09DA-63B8-3D0C-B8E2-425F6E73A7DD} = {A3CC09DA-63B8-3D0C-B8E2-425F6E73A7DD}
		{8952502D-52AC-3BCB-8DAB-D3C5F7BE243D} = {8952502D-52AC-3BCB-8DAB-D3C5F7BE243D}
		{9C5A1C89-FBD5-3D37-B32D-0B3A556CCC44} = {9C5A1C89-FBD5-3D37-B32D-0B3A556CCC44}
	EndProjectSection
EndProject
Project("{8BC9CEB8-8B4A-11D0-8D11-00A0C91BC942}") = "Continuous", "test\Continuous.vcxproj", "{CE0EA547-601D-3701-A039-3404B44D15DB}"
	ProjectSection(ProjectDependencies) = postProject
		{C423FD07-FF22-3C32-A2AF-20882B09D717} = {C423FD07-FF22-3C32-A2AF-20882B09D717}
	EndProjectSection
EndProject
Project("{8BC9CEB8-8B4A-11D0-8D11-00A0C91BC942}") = "Experimental", "test\Experimental.vcxproj", "{9C688076-9C81-3FEF-A64E-4E63E59A259D}"
	ProjectSection(ProjectDependencies) = postProject
		{C423FD07-FF22-3C32-A2AF-20882B09D717} = {C423FD07-FF22-3C32-A2AF-20882B09D717}
	EndProjectSection
EndProject
Project("{8BC9CEB8-8B4A-11D0-8D11-00A0C91BC942}") = "INSTALL", "INSTALL.vcxproj", "{B289330A-0B72-39A2-B0B1-EE02C9A211A0}"
	ProjectSection(ProjectDependencies) = postProject
		{C3756C4A-C350-3C2D-B9DF-99B00A5B2687} = {C3756C4A-C350-3C2D-B9DF-99B00A5B2687}
		{C423FD07-FF22-3C32-A2AF-20882B09D717} = {C423FD07-FF22-3C32-A2AF-20882B09D717}
	EndProjectSection
EndProject
Project("{8BC9CEB8-8B4A-11D0-8D11-00A0C91BC942}") = "IrrXML", "contrib\irrXML\IrrXML.vcxproj", "{DCF6B920-0386-3DC3-B68C-C4D94270EB36}"
	ProjectSection(ProjectDependencies) = postProject
		{C423FD07-FF22-3C32-A2AF-20882B09D717} = {C423FD07-FF22-3C32-A2AF-20882B09D717}
	EndProjectSection
EndProject
Project("{8BC9CEB8-8B4A-11D0-8D11-00A0C91BC942}") = "Nightly", "test\Nightly.vcxproj", "{6022B7CF-C6E7-3E2B-BA3F-859E3AC9A79C}"
	ProjectSection(ProjectDependencies) = postProject
		{C423FD07-FF22-3C32-A2AF-20882B09D717} = {C423FD07-FF22-3C32-A2AF-20882B09D717}
	EndProjectSection
EndProject
Project("{8BC9CEB8-8B4A-11D0-8D11-00A0C91BC942}") = "NightlyMemoryCheck", "test\NightlyMemoryCheck.vcxproj", "{2DD2F7EC-86C1-3066-B33E-2D84F7387D49}"
	ProjectSection(ProjectDependencies) = postProject
		{C423FD07-FF22-3C32-A2AF-20882B09D717} = {C423FD07-FF22-3C32-A2AF-20882B09D717}
	EndProjectSection
EndProject
Project("{8BC9CEB8-8B4A-11D0-8D11-00A0C91BC942}") = "UpdateAssimpLibsDebugSymbolsAndDLLs", "UpdateAssimpLibsDebugSymbolsAndDLLs.vcxproj", "{3DEFEE67-1AB0-30D2-906B-C4CAE864D878}"
	ProjectSection(ProjectDependencies) = postProject
		{C423FD07-FF22-3C32-A2AF-20882B09D717} = {C423FD07-FF22-3C32-A2AF-20882B09D717}
	EndProjectSection
EndProject
Project("{8BC9CEB8-8B4A-11D0-8D11-00A0C91BC942}") = "ZERO_CHECK", "ZERO_CHECK.vcxproj", "{C423FD07-FF22-3C32-A2AF-20882B09D717}"
	ProjectSection(ProjectDependencies) = postProject
	EndProjectSection
EndProject
Project("{8BC9CEB8-8B4A-11D0-8D11-00A0C91BC942}") = "assimp", "code\assimp.vcxproj", "{09B58E6F-5BBB-3099-BEBB-EA5BCBBAD632}"
	ProjectSection(ProjectDependencies) = postProject
		{DCF6B920-0386-3DC3-B68C-C4D94270EB36} = {DCF6B920-0386-3DC3-B68C-C4D94270EB36}
		{C423FD07-FF22-3C32-A2AF-20882B09D717} = {C423FD07-FF22-3C32-A2AF-20882B09D717}
		{9C5A1C89-FBD5-3D37-B32D-0B3A556CCC44} = {9C5A1C89-FBD5-3D37-B32D-0B3A556CCC44}
	EndProjectSection
EndProject
Project("{8BC9CEB8-8B4A-11D0-8D11-00A0C91BC942}") = "assimp_cmd", "tools\assimp_cmd\assimp_cmd.vcxproj", "{65DD450B-233F-3A82-8335-BBFA786E9283}"
	ProjectSection(ProjectDependencies) = postProject
		{DCF6B920-0386-3DC3-B68C-C4D94270EB36} = {DCF6B920-0386-3DC3-B68C-C4D94270EB36}
		{C423FD07-FF22-3C32-A2AF-20882B09D717} = {C423FD07-FF22-3C32-A2AF-20882B09D717}
		{09B58E6F-5BBB-3099-BEBB-EA5BCBBAD632} = {09B58E6F-5BBB-3099-BEBB-EA5BCBBAD632}
		{9C5A1C89-FBD5-3D37-B32D-0B3A556CCC44} = {9C5A1C89-FBD5-3D37-B32D-0B3A556CCC44}
	EndProjectSection
EndProject
Project("{8BC9CEB8-8B4A-11D0-8D11-00A0C91BC942}") = "uninstall", "uninstall.vcxproj", "{356A69D6-9703-3DD5-9703-86A2FD09D4DB}"
	ProjectSection(ProjectDependencies) = postProject
		{C423FD07-FF22-3C32-A2AF-20882B09D717} = {C423FD07-FF22-3C32-A2AF-20882B09D717}
	EndProjectSection
EndProject
Project("{8BC9CEB8-8B4A-11D0-8D11-00A0C91BC942}") = "unit", "test\unit.vcxproj", "{A3CC09DA-63B8-3D0C-B8E2-425F6E73A7DD}"
	ProjectSection(ProjectDependencies) = postProject
		{DCF6B920-0386-3DC3-B68C-C4D94270EB36} = {DCF6B920-0386-3DC3-B68C-C4D94270EB36}
		{C423FD07-FF22-3C32-A2AF-20882B09D717} = {C423FD07-FF22-3C32-A2AF-20882B09D717}
		{09B58E6F-5BBB-3099-BEBB-EA5BCBBAD632} = {09B58E6F-5BBB-3099-BEBB-EA5BCBBAD632}
		{9C5A1C89-FBD5-3D37-B32D-0B3A556CCC44} = {9C5A1C89-FBD5-3D37-B32D-0B3A556CCC44}
	EndProjectSection
EndProject
Project("{8BC9CEB8-8B4A-11D0-8D11-00A0C91BC942}") = "zlib", "contrib\zlib\zlib.vcxproj", "{8952502D-52AC-3BCB-8DAB-D3C5F7BE243D}"
	ProjectSection(ProjectDependencies) = postProject
		{C423FD07-FF22-3C32-A2AF-20882B09D717} = {C423FD07-FF22-3C32-A2AF-20882B09D717}
	EndProjectSection
EndProject
Project("{8BC9CEB8-8B4A-11D0-8D11-00A0C91BC942}") = "zlibstatic", "contrib\zlib\zlibstatic.vcxproj", "{9C5A1C89-FBD5-3D37-B32D-0B3A556CCC44}"
	ProjectSection(ProjectDependencies) = postProject
		{C423FD07-FF22-3C32-A2AF-20882B09D717} = {C423FD07-FF22-3C32-A2AF-20882B09D717}
	EndProjectSection
EndProject
Global
	GlobalSection(SolutionConfigurationPlatforms) = preSolution
		Debug|x64 = Debug|x64
		Release|x64 = Release|x64
		MinSizeRel|x64 = MinSizeRel|x64
		RelWithDebInfo|x64 = RelWithDebInfo|x64
	EndGlobalSection
	GlobalSection(ProjectConfigurationPlatforms) = postSolution
		{C3756C4A-C350-3C2D-B9DF-99B00A5B2687}.Debug|x64.ActiveCfg = Debug|x64
		{C3756C4A-C350-3C2D-B9DF-99B00A5B2687}.Debug|x64.Build.0 = Debug|x64
		{C3756C4A-C350-3C2D-B9DF-99B00A5B2687}.Release|x64.ActiveCfg = Release|x64
		{C3756C4A-C350-3C2D-B9DF-99B00A5B2687}.Release|x64.Build.0 = Release|x64
		{C3756C4A-C350-3C2D-B9DF-99B00A5B2687}.MinSizeRel|x64.ActiveCfg = MinSizeRel|x64
		{C3756C4A-C350-3C2D-B9DF-99B00A5B2687}.MinSizeRel|x64.Build.0 = MinSizeRel|x64
		{C3756C4A-C350-3C2D-B9DF-99B00A5B2687}.RelWithDebInfo|x64.ActiveCfg = RelWithDebInfo|x64
		{C3756C4A-C350-3C2D-B9DF-99B00A5B2687}.RelWithDebInfo|x64.Build.0 = RelWithDebInfo|x64
		{CE0EA547-601D-3701-A039-3404B44D15DB}.Debug|x64.ActiveCfg = Debug|x64
		{CE0EA547-601D-3701-A039-3404B44D15DB}.Release|x64.ActiveCfg = Release|x64
		{CE0EA547-601D-3701-A039-3404B44D15DB}.MinSizeRel|x64.ActiveCfg = MinSizeRel|x64
		{CE0EA547-601D-3701-A039-3404B44D15DB}.RelWithDebInfo|x64.ActiveCfg = RelWithDebInfo|x64
		{9C688076-9C81-3FEF-A64E-4E63E59A259D}.Debug|x64.ActiveCfg = Debug|x64
		{9C688076-9C81-3FEF-A64E-4E63E59A259D}.Release|x64.ActiveCfg = Release|x64
		{9C688076-9C81-3FEF-A64E-4E63E59A259D}.MinSizeRel|x64.ActiveCfg = MinSizeRel|x64
		{9C688076-9C81-3FEF-A64E-4E63E59A259D}.RelWithDebInfo|x64.ActiveCfg = RelWithDebInfo|x64
		{B289330A-0B72-39A2-B0B1-EE02C9A211A0}.Debug|x64.ActiveCfg = Debug|x64
		{B289330A-0B72-39A2-B0B1-EE02C9A211A0}.Release|x64.ActiveCfg = Release|x64
		{B289330A-0B72-39A2-B0B1-EE02C9A211A0}.MinSizeRel|x64.ActiveCfg = MinSizeRel|x64
		{B289330A-0B72-39A2-B0B1-EE02C9A211A0}.RelWithDebInfo|x64.ActiveCfg = RelWithDebInfo|x64
		{DCF6B920-0386-3DC3-B68C-C4D94270EB36}.Debug|x64.ActiveCfg = Debug|x64
		{DCF6B920-0386-3DC3-B68C-C4D94270EB36}.Debug|x64.Build.0 = Debug|x64
		{DCF6B920-0386-3DC3-B68C-C4D94270EB36}.Release|x64.ActiveCfg = Release|x64
		{DCF6B920-0386-3DC3-B68C-C4D94270EB36}.Release|x64.Build.0 = Release|x64
		{DCF6B920-0386-3DC3-B68C-C4D94270EB36}.MinSizeRel|x64.ActiveCfg = MinSizeRel|x64
		{DCF6B920-0386-3DC3-B68C-C4D94270EB36}.MinSizeRel|x64.Build.0 = MinSizeRel|x64
		{DCF6B920-0386-3DC3-B68C-C4D94270EB36}.RelWithDebInfo|x64.ActiveCfg = RelWithDebInfo|x64
		{DCF6B920-0386-3DC3-B68C-C4D94270EB36}.RelWithDebInfo|x64.Build.0 = RelWithDebInfo|x64
		{6022B7CF-C6E7-3E2B-BA3F-859E3AC9A79C}.Debug|x64.ActiveCfg = Debug|x64
		{6022B7CF-C6E7-3E2B-BA3F-859E3AC9A79C}.Release|x64.ActiveCfg = Release|x64
		{6022B7CF-C6E7-3E2B-BA3F-859E3AC9A79C}.MinSizeRel|x64.ActiveCfg = MinSizeRel|x64
		{6022B7CF-C6E7-3E2B-BA3F-859E3AC9A79C}.RelWithDebInfo|x64.ActiveCfg = RelWithDebInfo|x64
		{2DD2F7EC-86C1-3066-B33E-2D84F7387D49}.Debug|x64.ActiveCfg = Debug|x64
		{2DD2F7EC-86C1-3066-B33E-2D84F7387D49}.Release|x64.ActiveCfg = Release|x64
		{2DD2F7EC-86C1-3066-B33E-2D84F7387D49}.MinSizeRel|x64.ActiveCfg = MinSizeRel|x64
		{2DD2F7EC-86C1-3066-B33E-2D84F7387D49}.RelWithDebInfo|x64.ActiveCfg = RelWithDebInfo|x64
		{3DEFEE67-1AB0-30D2-906B-C4CAE864D878}.Debug|x64.ActiveCfg = Debug|x64
		{3DEFEE67-1AB0-30D2-906B-C4CAE864D878}.Release|x64.ActiveCfg = Release|x64
		{3DEFEE67-1AB0-30D2-906B-C4CAE864D878}.MinSizeRel|x64.ActiveCfg = MinSizeRel|x64
		{3DEFEE67-1AB0-30D2-906B-C4CAE864D878}.RelWithDebInfo|x64.ActiveCfg = RelWithDebInfo|x64
		{C423FD07-FF22-3C32-A2AF-20882B09D717}.Debug|x64.ActiveCfg = Debug|x64
		{C423FD07-FF22-3C32-A2AF-20882B09D717}.Debug|x64.Build.0 = Debug|x64
		{C423FD07-FF22-3C32-A2AF-20882B09D717}.Release|x64.ActiveCfg = Release|x64
		{C423FD07-FF22-3C32-A2AF-20882B09D717}.Release|x64.Build.0 = Release|x64
		{C423FD07-FF22-3C32-A2AF-20882B09D717}.MinSizeRel|x64.ActiveCfg = MinSizeRel|x64
		{C423FD07-FF22-3C32-A2AF-20882B09D717}.MinSizeRel|x64.Build.0 = MinSizeRel|x64
		{C423FD07-FF22-3C32-A2AF-20882B09D717}.RelWithDebInfo|x64.ActiveCfg = RelWithDebInfo|x64
		{C423FD07-FF22-3C32-A2AF-20882B09D717}.RelWithDebInfo|x64.Build.0 = RelWithDebInfo|x64
		{09B58E6F-5BBB-3099-BEBB-EA5BCBBAD632}.Debug|x64.ActiveCfg = Debug|x64
		{09B58E6F-5BBB-3099-BEBB-EA5BCBBAD632}.Debug|x64.Build.0 = Debug|x64
		{09B58E6F-5BBB-3099-BEBB-EA5BCBBAD632}.Release|x64.ActiveCfg = Release|x64
		{09B58E6F-5BBB-3099-BEBB-EA5BCBBAD632}.Release|x64.Build.0 = Release|x64
		{09B58E6F-5BBB-3099-BEBB-EA5BCBBAD632}.MinSizeRel|x64.ActiveCfg = MinSizeRel|x64
		{09B58E6F-5BBB-3099-BEBB-EA5BCBBAD632}.MinSizeRel|x64.Build.0 = MinSizeRel|x64
		{09B58E6F-5BBB-3099-BEBB-EA5BCBBAD632}.RelWithDebInfo|x64.ActiveCfg = RelWithDebInfo|x64
		{09B58E6F-5BBB-3099-BEBB-EA5BCBBAD632}.RelWithDebInfo|x64.Build.0 = RelWithDebInfo|x64
		{65DD450B-233F-3A82-8335-BBFA786E9283}.Debug|x64.ActiveCfg = Debug|x64
		{65DD450B-233F-3A82-8335-BBFA786E9283}.Debug|x64.Build.0 = Debug|x64
		{65DD450B-233F-3A82-8335-BBFA786E9283}.Release|x64.ActiveCfg = Release|x64
		{65DD450B-233F-3A82-8335-BBFA786E9283}.Release|x64.Build.0 = Release|x64
		{65DD450B-233F-3A82-8335-BBFA786E9283}.MinSizeRel|x64.ActiveCfg = MinSizeRel|x64
		{65DD450B-233F-3A82-8335-BBFA786E9283}.MinSizeRel|x64.Build.0 = MinSizeRel|x64
		{65DD450B-233F-3A82-8335-BBFA786E9283}.RelWithDebInfo|x64.ActiveCfg = RelWithDebInfo|x64
		{65DD450B-233F-3A82-8335-BBFA786E9283}.RelWithDebInfo|x64.Build.0 = RelWithDebInfo|x64
		{356A69D6-9703-3DD5-9703-86A2FD09D4DB}.Debug|x64.ActiveCfg = Debug|x64
		{356A69D6-9703-3DD5-9703-86A2FD09D4DB}.Release|x64.ActiveCfg = Release|x64
		{356A69D6-9703-3DD5-9703-86A2FD09D4DB}.MinSizeRel|x64.ActiveCfg = MinSizeRel|x64
		{356A69D6-9703-3DD5-9703-86A2FD09D4DB}.RelWithDebInfo|x64.ActiveCfg = RelWithDebInfo|x64
		{A3CC09DA-63B8-3D0C-B8E2-425F6E73A7DD}.Debug|x64.ActiveCfg = Debug|x64
		{A3CC09DA-63B8-3D0C-B8E2-425F6E73A7DD}.Debug|x64.Build.0 = Debug|x64
		{A3CC09DA-63B8-3D0C-B8E2-425F6E73A7DD}.Release|x64.ActiveCfg = Release|x64
		{A3CC09DA-63B8-3D0C-B8E2-425F6E73A7DD}.Release|x64.Build.0 = Release|x64
		{A3CC09DA-63B8-3D0C-B8E2-425F6E73A7DD}.MinSizeRel|x64.ActiveCfg = MinSizeRel|x64
		{A3CC09DA-63B8-3D0C-B8E2-425F6E73A7DD}.MinSizeRel|x64.Build.0 = MinSizeRel|x64
		{A3CC09DA-63B8-3D0C-B8E2-425F6E73A7DD}.RelWithDebInfo|x64.ActiveCfg = RelWithDebInfo|x64
		{A3CC09DA-63B8-3D0C-B8E2-425F6E73A7DD}.RelWithDebInfo|x64.Build.0 = RelWithDebInfo|x64
		{8952502D-52AC-3BCB-8DAB-D3C5F7BE243D}.Debug|x64.ActiveCfg = Debug|x64
		{8952502D-52AC-3BCB-8DAB-D3C5F7BE243D}.Debug|x64.Build.0 = Debug|x64
		{8952502D-52AC-3BCB-8DAB-D3C5F7BE243D}.Release|x64.ActiveCfg = Release|x64
		{8952502D-52AC-3BCB-8DAB-D3C5F7BE243D}.Release|x64.Build.0 = Release|x64
		{8952502D-52AC-3BCB-8DAB-D3C5F7BE243D}.MinSizeRel|x64.ActiveCfg = MinSizeRel|x64
		{8952502D-52AC-3BCB-8DAB-D3C5F7BE243D}.MinSizeRel|x64.Build.0 = MinSizeRel|x64
		{8952502D-52AC-3BCB-8DAB-D3C5F7BE243D}.RelWithDebInfo|x64.ActiveCfg = RelWithDebInfo|x64
		{8952502D-52AC-3BCB-8DAB-D3C5F7BE243D}.RelWithDebInfo|x64.Build.0 = RelWithDebInfo|x64
		{9C5A1C89-FBD5-3D37-B32D-0B3A556CCC44}.Debug|x64.ActiveCfg = Debug|x64
		{9C5A1C89-FBD5-3D37-B32D-0B3A556CCC44}.Debug|x64.Build.0 = Debug|x64
		{9C5A1C89-FBD5-3D37-B32D-0B3A556CCC44}.Release|x64.ActiveCfg = Release|x64
		{9C5A1C89-FBD5-3D37-B32D-0B3A556CCC44}.Release|x64.Build.0 = Release|x64
		{9C5A1C89-FBD5-3D37-B32D-0B3A556CCC44}.MinSizeRel|x64.ActiveCfg = MinSizeRel|x64
		{9C5A1C89-FBD5-3D37-B32D-0B3A556CCC44}.MinSizeRel|x64.Build.0 = MinSizeRel|x64
		{9C5A1C89-FBD5-3D37-B32D-0B3A556CCC44}.RelWithDebInfo|x64.ActiveCfg = RelWithDebInfo|x64
		{9C5A1C89-FBD5-3D37-B32D-0B3A556CCC44}.RelWithDebInfo|x64.Build.0 = RelWithDebInfo|x64
	EndGlobalSection
	GlobalSection(ExtensibilityGlobals) = postSolution
		SolutionGuid = {B85F01BE-9112-3FF8-8089-867E54E2BE94}
	EndGlobalSection
	GlobalSection(ExtensibilityAddIns) = postSolution
	EndGlobalSection
EndGlobal
