<?xml version="1.0" encoding="utf-8"?>
<Project ToolsVersion="4.0" xmlns="http://schemas.microsoft.com/developer/msbuild/2003">
  <ItemGroup>
    <ClCompile Include="..\src\app.cpp" />
    <ClCompile Include="..\src\eventmanager.cpp" />
    <ClCompile Include="..\src\graphicmanager.cpp" />
    <ClCompile Include="..\src\objecthandler.cpp" />
    <ClCompile Include="..\src\objecthandlerpch.cpp" />
    <ClCompile Include="..\src\windowmanager.cpp" />
    <ClCompile Include="..\src\const.cpp" />
    <ClCompile Include="..\src\graphic_shader.cpp" />
  </ItemGroup>
  <ItemGroup>
    <ClInclude Include="..\src\app.h" />
    <ClInclude Include="..\src\const.h" />
    <ClInclude Include="..\src\eventmanager.h" />
    <ClInclude Include="..\src\graphicmanager.h" />
    <ClInclude Include="..\src\objecthandlerpch.h" />
    <ClInclude Include="..\src\windowmanager.h" />
    <ClInclude Include="..\src\graphic_shader.h" />
  </ItemGroup>
  <ItemGroup>
    <None Include="..\data\shaders\graphic_core_vertex.shader">
      <Filter>shaders</Filter>
    </None>
    <None Include="..\data\shaders\graphic_core_fragment.shader">
      <Filter>shaders</Filter>
    </None>
  </ItemGroup>
  <ItemGroup>
    <Filter Include="shaders">
      <UniqueIdentifier>{e6972902-87da-4357-b059-b9a10066c717}</UniqueIdentifier>
    </Filter>
  </ItemGroup>
</Project>